// !$*UTF8*$!
{
	archiveVersion = 1;
	classes = {
	};
	objectVersion = 46;
	objects = {

/* Begin PBXBuildFile section */
		1AC6FB1F180E996B004C840B /* libbox2d Mac.a in Frameworks */ = {isa = PBXBuildFile; fileRef = 1AC6FAFF180E9839004C840B /* libbox2d Mac.a */; };
		1AC6FB20180E996B004C840B /* libchipmunk Mac.a in Frameworks */ = {isa = PBXBuildFile; fileRef = 1AC6FAFD180E9839004C840B /* libchipmunk Mac.a */; };
		1AC6FB21180E996B004C840B /* libcocos2dx Mac.a in Frameworks */ = {isa = PBXBuildFile; fileRef = 1AC6FAF9180E9839004C840B /* libcocos2dx Mac.a */; };
		1AC6FB22180E996B004C840B /* libcocos2dx-extensions Mac.a in Frameworks */ = {isa = PBXBuildFile; fileRef = 1AC6FAFB180E9839004C840B /* libcocos2dx-extensions Mac.a */; };
		1AC6FB23180E996B004C840B /* libCocosDenshion Mac.a in Frameworks */ = {isa = PBXBuildFile; fileRef = 1AC6FB01180E9839004C840B /* libCocosDenshion Mac.a */; };
		1AC6FB2E180E99EB004C840B /* libbox2d iOS.a in Frameworks */ = {isa = PBXBuildFile; fileRef = 1AC6FB0D180E9839004C840B /* libbox2d iOS.a */; };
		1AC6FB2F180E99EB004C840B /* libchipmunk iOS.a in Frameworks */ = {isa = PBXBuildFile; fileRef = 1AC6FB0B180E9839004C840B /* libchipmunk iOS.a */; };
		1AC6FB30180E99EB004C840B /* libcocos2dx iOS.a in Frameworks */ = {isa = PBXBuildFile; fileRef = 1AC6FB07180E9839004C840B /* libcocos2dx iOS.a */; };
		1AC6FB31180E99EB004C840B /* libcocos2dx-extensions iOS.a in Frameworks */ = {isa = PBXBuildFile; fileRef = 1AC6FB09180E9839004C840B /* libcocos2dx-extensions iOS.a */; };
		1AC6FB32180E99EB004C840B /* libCocosDenshion iOS.a in Frameworks */ = {isa = PBXBuildFile; fileRef = 1AC6FB0F180E9839004C840B /* libCocosDenshion iOS.a */; };
		1AFAF8B716D35DE700DB1158 /* AppDelegate.cpp in Sources */ = {isa = PBXBuildFile; fileRef = 1AFAF8B316D35DE700DB1158 /* AppDelegate.cpp */; };
		1AFAF8B816D35DE700DB1158 /* HelloWorldScene.cpp in Sources */ = {isa = PBXBuildFile; fileRef = 1AFAF8B516D35DE700DB1158 /* HelloWorldScene.cpp */; };
		1D60589F0D05DD5A006BFB54 /* Foundation.framework in Frameworks */ = {isa = PBXBuildFile; fileRef = 1D30AB110D05D00D00671497 /* Foundation.framework */; };
		1DF5F4E00D08C38300B7A737 /* UIKit.framework in Frameworks */ = {isa = PBXBuildFile; fileRef = 1DF5F4DF0D08C38300B7A737 /* UIKit.framework */; };
		2606FA8A195023B700FF577D /* PlayVideoLayer.cpp in Sources */ = {isa = PBXBuildFile; fileRef = 2606FA88195023B700FF577D /* PlayVideoLayer.cpp */; };
		2606FA8B195023B700FF577D /* PlayVideoLayer.cpp in Sources */ = {isa = PBXBuildFile; fileRef = 2606FA88195023B700FF577D /* PlayVideoLayer.cpp */; };
		2606FA8F195023C200FF577D /* cocosvideo.mp4 in Resources */ = {isa = PBXBuildFile; fileRef = 2606FA8E195023C200FF577D /* cocosvideo.mp4 */; };
		2606FA90195023C200FF577D /* cocosvideo.mp4 in Resources */ = {isa = PBXBuildFile; fileRef = 2606FA8E195023C200FF577D /* cocosvideo.mp4 */; };
		2606FA92195023E900FF577D /* MediaPlayer.framework in Frameworks */ = {isa = PBXBuildFile; fileRef = 2606FA91195023E900FF577D /* MediaPlayer.framework */; };
		265BB9A619484CEE00D9A051 /* SetTopBoxMainScene.cpp in Sources */ = {isa = PBXBuildFile; fileRef = 265BB9A419484CEE00D9A051 /* SetTopBoxMainScene.cpp */; };
		265BB9A719484CEE00D9A051 /* SetTopBoxMainScene.cpp in Sources */ = {isa = PBXBuildFile; fileRef = 265BB9A419484CEE00D9A051 /* SetTopBoxMainScene.cpp */; };
		265BB9AB19484FE200D9A051 /* OpeningAnimation.cpp in Sources */ = {isa = PBXBuildFile; fileRef = 265BB9A919484FE200D9A051 /* OpeningAnimation.cpp */; };
		265BB9AC19484FE200D9A051 /* OpeningAnimation.cpp in Sources */ = {isa = PBXBuildFile; fileRef = 265BB9A919484FE200D9A051 /* OpeningAnimation.cpp */; };
		265BB9B11948546C00D9A051 /* TextEffector.cpp in Sources */ = {isa = PBXBuildFile; fileRef = 265BB9AF1948546C00D9A051 /* TextEffector.cpp */; };
		265BB9B21948546C00D9A051 /* TextEffector.cpp in Sources */ = {isa = PBXBuildFile; fileRef = 265BB9AF1948546C00D9A051 /* TextEffector.cpp */; };
		26B7AFA01946AF67009893DA /* RotateLayer.cpp in Sources */ = {isa = PBXBuildFile; fileRef = 26B7AF9E1946AF67009893DA /* RotateLayer.cpp */; };
		26B7AFA11946AF67009893DA /* RotateLayer.cpp in Sources */ = {isa = PBXBuildFile; fileRef = 26B7AF9E1946AF67009893DA /* RotateLayer.cpp */; };
		26C1458019540F1000EB091C /* selectedBlock.png in Resources */ = {isa = PBXBuildFile; fileRef = 26C1457F19540F1000EB091C /* selectedBlock.png */; };
		26C1458119540F1000EB091C /* selectedBlock.png in Resources */ = {isa = PBXBuildFile; fileRef = 26C1457F19540F1000EB091C /* selectedBlock.png */; };
		26C1459B1954429E00EB091C /* ExplosionEffect.cpp in Sources */ = {isa = PBXBuildFile; fileRef = 26C145971954429E00EB091C /* ExplosionEffect.cpp */; };
		26C1459C1954429E00EB091C /* ExplosionEffect.cpp in Sources */ = {isa = PBXBuildFile; fileRef = 26C145971954429E00EB091C /* ExplosionEffect.cpp */; };
		26C145AE195442BC00EB091C /* ExplodingRing.plist in Resources */ = {isa = PBXBuildFile; fileRef = 26C145A3195442BC00EB091C /* ExplodingRing.plist */; };
		26C145AF195442BC00EB091C /* ExplodingRing.plist in Resources */ = {isa = PBXBuildFile; fileRef = 26C145A3195442BC00EB091C /* ExplodingRing.plist */; };
		26C145B0195442BC00EB091C /* Phoenix.plist in Resources */ = {isa = PBXBuildFile; fileRef = 26C145A4195442BC00EB091C /* Phoenix.plist */; };
		26C145B1195442BC00EB091C /* Phoenix.plist in Resources */ = {isa = PBXBuildFile; fileRef = 26C145A4195442BC00EB091C /* Phoenix.plist */; };
		26C145B2195442BC00EB091C /* rotate_light.png in Resources */ = {isa = PBXBuildFile; fileRef = 26C145A5195442BC00EB091C /* rotate_light.png */; };
		26C145B3195442BC00EB091C /* rotate_light.png in Resources */ = {isa = PBXBuildFile; fileRef = 26C145A5195442BC00EB091C /* rotate_light.png */; };
		26C6D8961958515C00A65546 /* encaltest.png in Resources */ = {isa = PBXBuildFile; fileRef = 26C6D8941958515C00A65546 /* encaltest.png */; };
		26C6D89A1958789100A65546 /* DotGuy.cpp in Sources */ = {isa = PBXBuildFile; fileRef = 26C6D8981958789100A65546 /* DotGuy.cpp */; };
		26C6D89B1958789100A65546 /* DotGuy.cpp in Sources */ = {isa = PBXBuildFile; fileRef = 26C6D8981958789100A65546 /* DotGuy.cpp */; };
		26C6D89D19587A7300A65546 /* body.png in Resources */ = {isa = PBXBuildFile; fileRef = 26C6D89C19587A7300A65546 /* body.png */; };
		26C6D89E19587A7300A65546 /* body.png in Resources */ = {isa = PBXBuildFile; fileRef = 26C6D89C19587A7300A65546 /* body.png */; };
		26DB59A9195913EE0076646C /* Shaders in Resources */ = {isa = PBXBuildFile; fileRef = 26DB59A2195913EE0076646C /* Shaders */; };
		26DB59AB195913EE0076646C /* tvChannel.plist in Resources */ = {isa = PBXBuildFile; fileRef = 26DB59A3195913EE0076646C /* tvChannel.plist */; };
		26DB59AC195913EE0076646C /* tvChannel.plist in Resources */ = {isa = PBXBuildFile; fileRef = 26DB59A3195913EE0076646C /* tvChannel.plist */; };
		26F769771945530E00723075 /* MaskLayer.cpp in Sources */ = {isa = PBXBuildFile; fileRef = 26F769731945530E00723075 /* MaskLayer.cpp */; };
		26F769781945530E00723075 /* MaskLayer.cpp in Sources */ = {isa = PBXBuildFile; fileRef = 26F769731945530E00723075 /* MaskLayer.cpp */; };
		26F769791945530E00723075 /* MoreDetailLayer.cpp in Sources */ = {isa = PBXBuildFile; fileRef = 26F769751945530E00723075 /* MoreDetailLayer.cpp */; };
		26F7697A1945530E00723075 /* MoreDetailLayer.cpp in Sources */ = {isa = PBXBuildFile; fileRef = 26F769751945530E00723075 /* MoreDetailLayer.cpp */; };
		288765A50DF7441C002DB57D /* CoreGraphics.framework in Frameworks */ = {isa = PBXBuildFile; fileRef = 288765A40DF7441C002DB57D /* CoreGraphics.framework */; };
		503AE0F817EB97AB00D1A890 /* Icon.icns in Resources */ = {isa = PBXBuildFile; fileRef = 503AE0F617EB97AB00D1A890 /* Icon.icns */; };
		503AE10017EB989F00D1A890 /* AppController.mm in Sources */ = {isa = PBXBuildFile; fileRef = 503AE0FB17EB989F00D1A890 /* AppController.mm */; };
		503AE10117EB989F00D1A890 /* main.m in Sources */ = {isa = PBXBuildFile; fileRef = 503AE0FC17EB989F00D1A890 /* main.m */; };
		503AE10217EB989F00D1A890 /* RootViewController.mm in Sources */ = {isa = PBXBuildFile; fileRef = 503AE0FF17EB989F00D1A890 /* RootViewController.mm */; };
		503AE10517EB98FF00D1A890 /* main.cpp in Sources */ = {isa = PBXBuildFile; fileRef = 503AE10317EB98FF00D1A890 /* main.cpp */; };
		503AE11217EB99EE00D1A890 /* libcurl.dylib in Frameworks */ = {isa = PBXBuildFile; fileRef = 503AE11117EB99EE00D1A890 /* libcurl.dylib */; };
		503AE11B17EB9C5A00D1A890 /* IOKit.framework in Frameworks */ = {isa = PBXBuildFile; fileRef = 503AE11A17EB9C5A00D1A890 /* IOKit.framework */; };
		5087E75717EB910900C73F5D /* AppDelegate.cpp in Sources */ = {isa = PBXBuildFile; fileRef = 1AFAF8B316D35DE700DB1158 /* AppDelegate.cpp */; };
		5087E75817EB910900C73F5D /* HelloWorldScene.cpp in Sources */ = {isa = PBXBuildFile; fileRef = 1AFAF8B516D35DE700DB1158 /* HelloWorldScene.cpp */; };
		5087E76317EB910900C73F5D /* Foundation.framework in Frameworks */ = {isa = PBXBuildFile; fileRef = 1D30AB110D05D00D00671497 /* Foundation.framework */; };
		5087E76517EB910900C73F5D /* CoreGraphics.framework in Frameworks */ = {isa = PBXBuildFile; fileRef = 288765A40DF7441C002DB57D /* CoreGraphics.framework */; };
		5087E76717EB910900C73F5D /* libz.dylib in Frameworks */ = {isa = PBXBuildFile; fileRef = BF170DB412928DE900B8313A /* libz.dylib */; };
		5087E76817EB910900C73F5D /* QuartzCore.framework in Frameworks */ = {isa = PBXBuildFile; fileRef = BF1C47EA1293683800B63C5D /* QuartzCore.framework */; };
		5087E76917EB910900C73F5D /* OpenAL.framework in Frameworks */ = {isa = PBXBuildFile; fileRef = D44C620B132DFF330009C878 /* OpenAL.framework */; };
		5087E76A17EB910900C73F5D /* AVFoundation.framework in Frameworks */ = {isa = PBXBuildFile; fileRef = D44C620D132DFF430009C878 /* AVFoundation.framework */; };
		5087E76B17EB910900C73F5D /* AudioToolbox.framework in Frameworks */ = {isa = PBXBuildFile; fileRef = D44C620F132DFF4E0009C878 /* AudioToolbox.framework */; };
		5087E77D17EB970100C73F5D /* Default-568h@2x.png in Resources */ = {isa = PBXBuildFile; fileRef = 5087E77217EB970100C73F5D /* Default-568h@2x.png */; };
		5087E77E17EB970100C73F5D /* Default.png in Resources */ = {isa = PBXBuildFile; fileRef = 5087E77317EB970100C73F5D /* Default.png */; };
		5087E77F17EB970100C73F5D /* Default@2x.png in Resources */ = {isa = PBXBuildFile; fileRef = 5087E77417EB970100C73F5D /* Default@2x.png */; };
		5087E78017EB970100C73F5D /* Icon-114.png in Resources */ = {isa = PBXBuildFile; fileRef = 5087E77517EB970100C73F5D /* Icon-114.png */; };
		5087E78117EB970100C73F5D /* Icon-120.png in Resources */ = {isa = PBXBuildFile; fileRef = 5087E77617EB970100C73F5D /* Icon-120.png */; };
		5087E78217EB970100C73F5D /* Icon-144.png in Resources */ = {isa = PBXBuildFile; fileRef = 5087E77717EB970100C73F5D /* Icon-144.png */; };
		5087E78317EB970100C73F5D /* Icon-152.png in Resources */ = {isa = PBXBuildFile; fileRef = 5087E77817EB970100C73F5D /* Icon-152.png */; };
		5087E78417EB970100C73F5D /* Icon-57.png in Resources */ = {isa = PBXBuildFile; fileRef = 5087E77917EB970100C73F5D /* Icon-57.png */; };
		5087E78517EB970100C73F5D /* Icon-72.png in Resources */ = {isa = PBXBuildFile; fileRef = 5087E77A17EB970100C73F5D /* Icon-72.png */; };
		5087E78617EB970100C73F5D /* Icon-76.png in Resources */ = {isa = PBXBuildFile; fileRef = 5087E77B17EB970100C73F5D /* Icon-76.png */; };
		5087E78917EB974C00C73F5D /* AppKit.framework in Frameworks */ = {isa = PBXBuildFile; fileRef = 5087E78817EB974C00C73F5D /* AppKit.framework */; };
		5087E78B17EB975400C73F5D /* OpenGL.framework in Frameworks */ = {isa = PBXBuildFile; fileRef = 5087E78A17EB975400C73F5D /* OpenGL.framework */; };
		50EF629617ECD46A001EB2F8 /* Icon-40.png in Resources */ = {isa = PBXBuildFile; fileRef = 50EF629217ECD46A001EB2F8 /* Icon-40.png */; };
		50EF629717ECD46A001EB2F8 /* Icon-58.png in Resources */ = {isa = PBXBuildFile; fileRef = 50EF629317ECD46A001EB2F8 /* Icon-58.png */; };
		50EF629817ECD46A001EB2F8 /* Icon-80.png in Resources */ = {isa = PBXBuildFile; fileRef = 50EF629417ECD46A001EB2F8 /* Icon-80.png */; };
		50EF629917ECD46A001EB2F8 /* Icon-100.png in Resources */ = {isa = PBXBuildFile; fileRef = 50EF629517ECD46A001EB2F8 /* Icon-100.png */; };
		50EF62A217ECD613001EB2F8 /* Icon-29.png in Resources */ = {isa = PBXBuildFile; fileRef = 50EF62A017ECD613001EB2F8 /* Icon-29.png */; };
		50EF62A317ECD613001EB2F8 /* Icon-50.png in Resources */ = {isa = PBXBuildFile; fileRef = 50EF62A117ECD613001EB2F8 /* Icon-50.png */; };
		661F913019592F6B0075C81A /* MainMenu in Resources */ = {isa = PBXBuildFile; fileRef = 661F912E19592F6B0075C81A /* MainMenu */; };
		6622567F19501F8A00EBC69D /* background.png in Resources */ = {isa = PBXBuildFile; fileRef = 6622566319501F8A00EBC69D /* background.png */; };
		6622568019501F8A00EBC69D /* background.png in Resources */ = {isa = PBXBuildFile; fileRef = 6622566319501F8A00EBC69D /* background.png */; };
		6622568919501F8A00EBC69D /* board.png in Resources */ = {isa = PBXBuildFile; fileRef = 6622566819501F8A00EBC69D /* board.png */; };
		6622568A19501F8A00EBC69D /* board.png in Resources */ = {isa = PBXBuildFile; fileRef = 6622566819501F8A00EBC69D /* board.png */; };
		6622568B19501F8A00EBC69D /* britanic bold.ttf in Resources */ = {isa = PBXBuildFile; fileRef = 6622566919501F8A00EBC69D /* britanic bold.ttf */; };
		6622568C19501F8A00EBC69D /* britanic bold.ttf in Resources */ = {isa = PBXBuildFile; fileRef = 6622566919501F8A00EBC69D /* britanic bold.ttf */; };
		6622568D19501F8A00EBC69D /* CloseNormal.png in Resources */ = {isa = PBXBuildFile; fileRef = 6622566A19501F8A00EBC69D /* CloseNormal.png */; };
		6622568E19501F8A00EBC69D /* CloseNormal.png in Resources */ = {isa = PBXBuildFile; fileRef = 6622566A19501F8A00EBC69D /* CloseNormal.png */; };
		6622568F19501F8A00EBC69D /* CloseSelected.png in Resources */ = {isa = PBXBuildFile; fileRef = 6622566B19501F8A00EBC69D /* CloseSelected.png */; };
		6622569019501F8A00EBC69D /* CloseSelected.png in Resources */ = {isa = PBXBuildFile; fileRef = 6622566B19501F8A00EBC69D /* CloseSelected.png */; };
		6622569119501F8A00EBC69D /* Comet.png in Resources */ = {isa = PBXBuildFile; fileRef = 6622566C19501F8A00EBC69D /* Comet.png */; };
		6622569219501F8A00EBC69D /* Comet.png in Resources */ = {isa = PBXBuildFile; fileRef = 6622566C19501F8A00EBC69D /* Comet.png */; };
		6622569319501F8A00EBC69D /* countdown_11.png in Resources */ = {isa = PBXBuildFile; fileRef = 6622566D19501F8A00EBC69D /* countdown_11.png */; };
		6622569419501F8A00EBC69D /* countdown_11.png in Resources */ = {isa = PBXBuildFile; fileRef = 6622566D19501F8A00EBC69D /* countdown_11.png */; };
		6622569519501F8A00EBC69D /* countdown_12.png in Resources */ = {isa = PBXBuildFile; fileRef = 6622566E19501F8A00EBC69D /* countdown_12.png */; };
		6622569619501F8A00EBC69D /* countdown_12.png in Resources */ = {isa = PBXBuildFile; fileRef = 6622566E19501F8A00EBC69D /* countdown_12.png */; };
		6622569719501F8A00EBC69D /* fonts in Resources */ = {isa = PBXBuildFile; fileRef = 6622566F19501F8A00EBC69D /* fonts */; };
		6622569819501F8A00EBC69D /* fonts in Resources */ = {isa = PBXBuildFile; fileRef = 6622566F19501F8A00EBC69D /* fonts */; };
		6622569919501F8A00EBC69D /* HelloWorld.png in Resources */ = {isa = PBXBuildFile; fileRef = 6622567019501F8A00EBC69D /* HelloWorld.png */; };
		6622569A19501F8A00EBC69D /* HelloWorld.png in Resources */ = {isa = PBXBuildFile; fileRef = 6622567019501F8A00EBC69D /* HelloWorld.png */; };
		6622569B19501F8A00EBC69D /* icon0.png in Resources */ = {isa = PBXBuildFile; fileRef = 6622567119501F8A00EBC69D /* icon0.png */; };
		6622569C19501F8A00EBC69D /* icon0.png in Resources */ = {isa = PBXBuildFile; fileRef = 6622567119501F8A00EBC69D /* icon0.png */; };
		6622569F19501F8A00EBC69D /* icon2.png in Resources */ = {isa = PBXBuildFile; fileRef = 6622567319501F8A00EBC69D /* icon2.png */; };
		662256A019501F8A00EBC69D /* icon2.png in Resources */ = {isa = PBXBuildFile; fileRef = 6622567319501F8A00EBC69D /* icon2.png */; };
		662256A119501F8A00EBC69D /* icon3.png in Resources */ = {isa = PBXBuildFile; fileRef = 6622567419501F8A00EBC69D /* icon3.png */; };
		662256A219501F8A00EBC69D /* icon3.png in Resources */ = {isa = PBXBuildFile; fileRef = 6622567419501F8A00EBC69D /* icon3.png */; };
		662256A319501F8A00EBC69D /* light.png in Resources */ = {isa = PBXBuildFile; fileRef = 6622567519501F8A00EBC69D /* light.png */; };
		662256A419501F8A00EBC69D /* light.png in Resources */ = {isa = PBXBuildFile; fileRef = 6622567519501F8A00EBC69D /* light.png */; };
		662256A519501F8A00EBC69D /* mystic.plist in Resources */ = {isa = PBXBuildFile; fileRef = 6622567619501F8A00EBC69D /* mystic.plist */; };
		662256A619501F8A00EBC69D /* mystic.plist in Resources */ = {isa = PBXBuildFile; fileRef = 6622567619501F8A00EBC69D /* mystic.plist */; };
		662256A719501F8A00EBC69D /* picture01.jpg in Resources */ = {isa = PBXBuildFile; fileRef = 6622567719501F8A00EBC69D /* picture01.jpg */; };
		662256A819501F8A00EBC69D /* picture01.jpg in Resources */ = {isa = PBXBuildFile; fileRef = 6622567719501F8A00EBC69D /* picture01.jpg */; };
		662256A919501F8A00EBC69D /* radioNormal.png in Resources */ = {isa = PBXBuildFile; fileRef = 6622567819501F8A00EBC69D /* radioNormal.png */; };
		662256AA19501F8A00EBC69D /* radioNormal.png in Resources */ = {isa = PBXBuildFile; fileRef = 6622567819501F8A00EBC69D /* radioNormal.png */; };
		662256AB19501F8A00EBC69D /* radioSelected.png in Resources */ = {isa = PBXBuildFile; fileRef = 6622567919501F8A00EBC69D /* radioSelected.png */; };
		662256AC19501F8A00EBC69D /* radioSelected.png in Resources */ = {isa = PBXBuildFile; fileRef = 6622567919501F8A00EBC69D /* radioSelected.png */; };
		662256AD19501F8A00EBC69D /* star_up.plist in Resources */ = {isa = PBXBuildFile; fileRef = 6622567A19501F8A00EBC69D /* star_up.plist */; };
		662256AE19501F8A00EBC69D /* star_up.plist in Resources */ = {isa = PBXBuildFile; fileRef = 6622567A19501F8A00EBC69D /* star_up.plist */; };
		662256AF19501F8A00EBC69D /* text_effect.plist in Resources */ = {isa = PBXBuildFile; fileRef = 6622567B19501F8A00EBC69D /* text_effect.plist */; };
		662256B019501F8A00EBC69D /* text_effect.plist in Resources */ = {isa = PBXBuildFile; fileRef = 6622567B19501F8A00EBC69D /* text_effect.plist */; };
		662256B119501F8A00EBC69D /* text_light_bottom.png in Resources */ = {isa = PBXBuildFile; fileRef = 6622567C19501F8A00EBC69D /* text_light_bottom.png */; };
		662256B219501F8A00EBC69D /* text_light_bottom.png in Resources */ = {isa = PBXBuildFile; fileRef = 6622567C19501F8A00EBC69D /* text_light_bottom.png */; };
		662256B319501F8A00EBC69D /* text_light_top.png in Resources */ = {isa = PBXBuildFile; fileRef = 6622567D19501F8A00EBC69D /* text_light_top.png */; };
		662256B419501F8A00EBC69D /* text_light_top.png in Resources */ = {isa = PBXBuildFile; fileRef = 6622567D19501F8A00EBC69D /* text_light_top.png */; };
		662256B519501F8A00EBC69D /* text_light.png in Resources */ = {isa = PBXBuildFile; fileRef = 6622567E19501F8A00EBC69D /* text_light.png */; };
		662256B619501F8A00EBC69D /* text_light.png in Resources */ = {isa = PBXBuildFile; fileRef = 6622567E19501F8A00EBC69D /* text_light.png */; };
		AC6CCEC7195A742700907ECF /* MainMenu in Resources */ = {isa = PBXBuildFile; fileRef = AC6CCEC6195A742700907ECF /* MainMenu */; };
		AC6CCEC8195A742700907ECF /* MainMenu in Resources */ = {isa = PBXBuildFile; fileRef = AC6CCEC6195A742700907ECF /* MainMenu */; };
		ACBB798E195A6C2100A284C3 /* moreDetail in Resources */ = {isa = PBXBuildFile; fileRef = ACBB798D195A6C2100A284C3 /* moreDetail */; };
		ACBB798F195A6C2100A284C3 /* moreDetail in Resources */ = {isa = PBXBuildFile; fileRef = ACBB798D195A6C2100A284C3 /* moreDetail */; };
		ACDDE6241952ED86003C7847 /* cellTv.cpp in Sources */ = {isa = PBXBuildFile; fileRef = ACDDE6201952ED86003C7847 /* cellTv.cpp */; };
		ACDDE6251952ED86003C7847 /* cellTv.cpp in Sources */ = {isa = PBXBuildFile; fileRef = ACDDE6201952ED86003C7847 /* cellTv.cpp */; };
		ACDDE6261952ED86003C7847 /* RectangleInterface.cpp in Sources */ = {isa = PBXBuildFile; fileRef = ACDDE6221952ED86003C7847 /* RectangleInterface.cpp */; };
		ACDDE6271952ED86003C7847 /* RectangleInterface.cpp in Sources */ = {isa = PBXBuildFile; fileRef = ACDDE6221952ED86003C7847 /* RectangleInterface.cpp */; };
		ACDDE62C1952EDBA003C7847 /* tvMap.plist in Resources */ = {isa = PBXBuildFile; fileRef = ACDDE62A1952EDBA003C7847 /* tvMap.plist */; };
		ACDDE62D1952EDBA003C7847 /* tvMap.plist in Resources */ = {isa = PBXBuildFile; fileRef = ACDDE62A1952EDBA003C7847 /* tvMap.plist */; };
		ACDDE62E1952EDBA003C7847 /* tvMap.png in Resources */ = {isa = PBXBuildFile; fileRef = ACDDE62B1952EDBA003C7847 /* tvMap.png */; };
		ACDDE62F1952EDBA003C7847 /* tvMap.png in Resources */ = {isa = PBXBuildFile; fileRef = ACDDE62B1952EDBA003C7847 /* tvMap.png */; };
		BB2E8ECE19584C4500BF1402 /* SelectedEffect.cpp in Sources */ = {isa = PBXBuildFile; fileRef = BB2E8ECC19584C4500BF1402 /* SelectedEffect.cpp */; };
		BB2E8ECF19584C4500BF1402 /* SelectedEffect.cpp in Sources */ = {isa = PBXBuildFile; fileRef = BB2E8ECC19584C4500BF1402 /* SelectedEffect.cpp */; };
		BB2E8ED119585F4200BF1402 /* ring.png in Resources */ = {isa = PBXBuildFile; fileRef = BB2E8ED019585F4200BF1402 /* ring.png */; };
		BB2E8ED219585F4200BF1402 /* ring.png in Resources */ = {isa = PBXBuildFile; fileRef = BB2E8ED019585F4200BF1402 /* ring.png */; };
		BB2E8EDE1959135B00BF1402 /* SpriteBlur.cpp in Sources */ = {isa = PBXBuildFile; fileRef = BB2E8EDC1959135B00BF1402 /* SpriteBlur.cpp */; };
		BB2E8EDF1959135B00BF1402 /* SpriteBlur.cpp in Sources */ = {isa = PBXBuildFile; fileRef = BB2E8EDC1959135B00BF1402 /* SpriteBlur.cpp */; };
		BB2E8EE31959138800BF1402 /* cellframe.png in Resources */ = {isa = PBXBuildFile; fileRef = BB2E8EE01959138800BF1402 /* cellframe.png */; };
		BB2E8EE41959138800BF1402 /* cellframe.png in Resources */ = {isa = PBXBuildFile; fileRef = BB2E8EE01959138800BF1402 /* cellframe.png */; };
		BB2E8EE51959138800BF1402 /* tvChannel.plist in Resources */ = {isa = PBXBuildFile; fileRef = BB2E8EE11959138800BF1402 /* tvChannel.plist */; };
		BB2E8EE61959138800BF1402 /* tvChannel.plist in Resources */ = {isa = PBXBuildFile; fileRef = BB2E8EE11959138800BF1402 /* tvChannel.plist */; };
		BB2E8EE71959138800BF1402 /* tvChannel.png in Resources */ = {isa = PBXBuildFile; fileRef = BB2E8EE21959138800BF1402 /* tvChannel.png */; };
		BB2E8EE81959138800BF1402 /* tvChannel.png in Resources */ = {isa = PBXBuildFile; fileRef = BB2E8EE21959138800BF1402 /* tvChannel.png */; };
		BB2E8EF41959604100BF1402 /* flash.png in Resources */ = {isa = PBXBuildFile; fileRef = BB2E8EF31959604100BF1402 /* flash.png */; };
		BB2E8EF51959604100BF1402 /* flash.png in Resources */ = {isa = PBXBuildFile; fileRef = BB2E8EF31959604100BF1402 /* flash.png */; };
		BB2E8F0F195980AB00BF1402 /* explosion.wav in Resources */ = {isa = PBXBuildFile; fileRef = BB2E8F0E195980AB00BF1402 /* explosion.wav */; };
		BB2E8F10195980AB00BF1402 /* explosion.wav in Resources */ = {isa = PBXBuildFile; fileRef = BB2E8F0E195980AB00BF1402 /* explosion.wav */; };
		BB2E8F151959853C00BF1402 /* channel_switch1.wav in Resources */ = {isa = PBXBuildFile; fileRef = BB2E8F111959853C00BF1402 /* channel_switch1.wav */; };
		BB2E8F161959853C00BF1402 /* channel_switch1.wav in Resources */ = {isa = PBXBuildFile; fileRef = BB2E8F111959853C00BF1402 /* channel_switch1.wav */; };
		BB2E8F191959853C00BF1402 /* cell_switch1.wav in Resources */ = {isa = PBXBuildFile; fileRef = BB2E8F131959853C00BF1402 /* cell_switch1.wav */; };
		BB2E8F1A1959853C00BF1402 /* cell_switch1.wav in Resources */ = {isa = PBXBuildFile; fileRef = BB2E8F131959853C00BF1402 /* cell_switch1.wav */; };
		BB2E8F1E1959898F00BF1402 /* boot.wav in Resources */ = {isa = PBXBuildFile; fileRef = BB2E8F1D1959898F00BF1402 /* boot.wav */; };
		BB2E8F1F1959898F00BF1402 /* boot.wav in Resources */ = {isa = PBXBuildFile; fileRef = BB2E8F1D1959898F00BF1402 /* boot.wav */; };
		BB2E8F211959C89900BF1402 /* introduce_cocos.png in Resources */ = {isa = PBXBuildFile; fileRef = BB2E8F201959C89900BF1402 /* introduce_cocos.png */; };
		BB2E8F221959C89900BF1402 /* introduce_cocos.png in Resources */ = {isa = PBXBuildFile; fileRef = BB2E8F201959C89900BF1402 /* introduce_cocos.png */; };
		BB2E8F2A1959E41000BF1402 /* shadow.plist in Resources */ = {isa = PBXBuildFile; fileRef = BB2E8F291959E41000BF1402 /* shadow.plist */; };
		BB2E8F2B1959E41000BF1402 /* shadow.plist in Resources */ = {isa = PBXBuildFile; fileRef = BB2E8F291959E41000BF1402 /* shadow.plist */; };
		BB2E8F2D195A675200BF1402 /* introduce_graphic.png in Resources */ = {isa = PBXBuildFile; fileRef = BB2E8F2C195A675200BF1402 /* introduce_graphic.png */; };
		BB2E8F2E195A675200BF1402 /* introduce_graphic.png in Resources */ = {isa = PBXBuildFile; fileRef = BB2E8F2C195A675200BF1402 /* introduce_graphic.png */; };
		BB2E8F30195A67A500BF1402 /* introduce_cocostudio.png in Resources */ = {isa = PBXBuildFile; fileRef = BB2E8F2F195A67A500BF1402 /* introduce_cocostudio.png */; };
		BB2E8F31195A67A500BF1402 /* introduce_cocostudio.png in Resources */ = {isa = PBXBuildFile; fileRef = BB2E8F2F195A67A500BF1402 /* introduce_cocostudio.png */; };
		BB2E8F34195A6A3300BF1402 /* icon1.png in Resources */ = {isa = PBXBuildFile; fileRef = BB2E8F33195A6A3300BF1402 /* icon1.png */; };
		BB2E8F35195A6A3300BF1402 /* icon1.png in Resources */ = {isa = PBXBuildFile; fileRef = BB2E8F33195A6A3300BF1402 /* icon1.png */; };
		BF171245129291EC00B8313A /* OpenGLES.framework in Frameworks */ = {isa = PBXBuildFile; fileRef = BF170DB012928DE900B8313A /* OpenGLES.framework */; };
		BF1712471292920000B8313A /* libz.dylib in Frameworks */ = {isa = PBXBuildFile; fileRef = BF170DB412928DE900B8313A /* libz.dylib */; };
		BF1C47F01293687400B63C5D /* QuartzCore.framework in Frameworks */ = {isa = PBXBuildFile; fileRef = BF1C47EA1293683800B63C5D /* QuartzCore.framework */; };
		D44C620C132DFF330009C878 /* OpenAL.framework in Frameworks */ = {isa = PBXBuildFile; fileRef = D44C620B132DFF330009C878 /* OpenAL.framework */; };
		D44C620E132DFF430009C878 /* AVFoundation.framework in Frameworks */ = {isa = PBXBuildFile; fileRef = D44C620D132DFF430009C878 /* AVFoundation.framework */; };
		D44C6210132DFF4E0009C878 /* AudioToolbox.framework in Frameworks */ = {isa = PBXBuildFile; fileRef = D44C620F132DFF4E0009C878 /* AudioToolbox.framework */; };
		D6B0611B1803AB670077942B /* CoreMotion.framework in Frameworks */ = {isa = PBXBuildFile; fileRef = D6B0611A1803AB670077942B /* CoreMotion.framework */; };
/* End PBXBuildFile section */

/* Begin PBXContainerItemProxy section */
		1AC6FAF8180E9839004C840B /* PBXContainerItemProxy */ = {
			isa = PBXContainerItemProxy;
			containerPortal = 1AC6FAE5180E9839004C840B /* cocos2d_libs.xcodeproj */;
			proxyType = 2;
			remoteGlobalIDString = 1551A33F158F2AB200E66CFE;
			remoteInfo = "cocos2dx Mac";
		};
		1AC6FAFA180E9839004C840B /* PBXContainerItemProxy */ = {
			isa = PBXContainerItemProxy;
			containerPortal = 1AC6FAE5180E9839004C840B /* cocos2d_libs.xcodeproj */;
			proxyType = 2;
			remoteGlobalIDString = A03F2FD617814595006731B9;
			remoteInfo = "cocos2dx-extensions Mac";
		};
		1AC6FAFC180E9839004C840B /* PBXContainerItemProxy */ = {
			isa = PBXContainerItemProxy;
			containerPortal = 1AC6FAE5180E9839004C840B /* cocos2d_libs.xcodeproj */;
			proxyType = 2;
			remoteGlobalIDString = A03F2CB81780BD04006731B9;
			remoteInfo = "chipmunk Mac";
		};
		1AC6FAFE180E9839004C840B /* PBXContainerItemProxy */ = {
			isa = PBXContainerItemProxy;
			containerPortal = 1AC6FAE5180E9839004C840B /* cocos2d_libs.xcodeproj */;
			proxyType = 2;
			remoteGlobalIDString = A03F2D9B1780BDF7006731B9;
			remoteInfo = "box2d Mac";
		};
		1AC6FB00180E9839004C840B /* PBXContainerItemProxy */ = {
			isa = PBXContainerItemProxy;
			containerPortal = 1AC6FAE5180E9839004C840B /* cocos2d_libs.xcodeproj */;
			proxyType = 2;
			remoteGlobalIDString = A03F2ED617814268006731B9;
			remoteInfo = "CocosDenshion Mac";
		};
		1AC6FB06180E9839004C840B /* PBXContainerItemProxy */ = {
			isa = PBXContainerItemProxy;
			containerPortal = 1AC6FAE5180E9839004C840B /* cocos2d_libs.xcodeproj */;
			proxyType = 2;
			remoteGlobalIDString = A07A4D641783777C0073F6A7;
			remoteInfo = "cocos2dx iOS";
		};
		1AC6FB08180E9839004C840B /* PBXContainerItemProxy */ = {
			isa = PBXContainerItemProxy;
			containerPortal = 1AC6FAE5180E9839004C840B /* cocos2d_libs.xcodeproj */;
			proxyType = 2;
			remoteGlobalIDString = A07A4EFC1783867C0073F6A7;
			remoteInfo = "cocos2dx-extensions iOS";
		};
		1AC6FB0A180E9839004C840B /* PBXContainerItemProxy */ = {
			isa = PBXContainerItemProxy;
			containerPortal = 1AC6FAE5180E9839004C840B /* cocos2d_libs.xcodeproj */;
			proxyType = 2;
			remoteGlobalIDString = A07A4F3B178387670073F6A7;
			remoteInfo = "chipmunk iOS";
		};
		1AC6FB0C180E9839004C840B /* PBXContainerItemProxy */ = {
			isa = PBXContainerItemProxy;
			containerPortal = 1AC6FAE5180E9839004C840B /* cocos2d_libs.xcodeproj */;
			proxyType = 2;
			remoteGlobalIDString = A07A4F9E1783876B0073F6A7;
			remoteInfo = "box2d iOS";
		};
		1AC6FB0E180E9839004C840B /* PBXContainerItemProxy */ = {
			isa = PBXContainerItemProxy;
			containerPortal = 1AC6FAE5180E9839004C840B /* cocos2d_libs.xcodeproj */;
			proxyType = 2;
			remoteGlobalIDString = A07A4FB4178387730073F6A7;
			remoteInfo = "CocosDenshion iOS";
		};
		1AC6FB15180E9959004C840B /* PBXContainerItemProxy */ = {
			isa = PBXContainerItemProxy;
			containerPortal = 1AC6FAE5180E9839004C840B /* cocos2d_libs.xcodeproj */;
			proxyType = 1;
			remoteGlobalIDString = 1551A33E158F2AB200E66CFE;
			remoteInfo = "cocos2dx Mac";
		};
		1AC6FB17180E9959004C840B /* PBXContainerItemProxy */ = {
			isa = PBXContainerItemProxy;
			containerPortal = 1AC6FAE5180E9839004C840B /* cocos2d_libs.xcodeproj */;
			proxyType = 1;
			remoteGlobalIDString = A03F2FC117814595006731B9;
			remoteInfo = "cocos2dx-extensions Mac";
		};
		1AC6FB19180E9959004C840B /* PBXContainerItemProxy */ = {
			isa = PBXContainerItemProxy;
			containerPortal = 1AC6FAE5180E9839004C840B /* cocos2d_libs.xcodeproj */;
			proxyType = 1;
			remoteGlobalIDString = A03F2B781780BD04006731B9;
			remoteInfo = "chipmunk Mac";
		};
		1AC6FB1B180E9959004C840B /* PBXContainerItemProxy */ = {
			isa = PBXContainerItemProxy;
			containerPortal = 1AC6FAE5180E9839004C840B /* cocos2d_libs.xcodeproj */;
			proxyType = 1;
			remoteGlobalIDString = A03F2E9817814268006731B9;
			remoteInfo = "CocosDenshion Mac";
		};
		1AC6FB1D180E9963004C840B /* PBXContainerItemProxy */ = {
			isa = PBXContainerItemProxy;
			containerPortal = 1AC6FAE5180E9839004C840B /* cocos2d_libs.xcodeproj */;
			proxyType = 1;
			remoteGlobalIDString = A03F2D5D1780BDF7006731B9;
			remoteInfo = "box2d Mac";
		};
		1AC6FB24180E99E1004C840B /* PBXContainerItemProxy */ = {
			isa = PBXContainerItemProxy;
			containerPortal = 1AC6FAE5180E9839004C840B /* cocos2d_libs.xcodeproj */;
			proxyType = 1;
			remoteGlobalIDString = A07A4C241783777C0073F6A7;
			remoteInfo = "cocos2dx iOS";
		};
		1AC6FB26180E99E1004C840B /* PBXContainerItemProxy */ = {
			isa = PBXContainerItemProxy;
			containerPortal = 1AC6FAE5180E9839004C840B /* cocos2d_libs.xcodeproj */;
			proxyType = 1;
			remoteGlobalIDString = A07A4E111783867C0073F6A7;
			remoteInfo = "cocos2dx-extensions iOS";
		};
		1AC6FB28180E99E1004C840B /* PBXContainerItemProxy */ = {
			isa = PBXContainerItemProxy;
			containerPortal = 1AC6FAE5180E9839004C840B /* cocos2d_libs.xcodeproj */;
			proxyType = 1;
			remoteGlobalIDString = A07A4EFD178387670073F6A7;
			remoteInfo = "chipmunk iOS";
		};
		1AC6FB2A180E99E1004C840B /* PBXContainerItemProxy */ = {
			isa = PBXContainerItemProxy;
			containerPortal = 1AC6FAE5180E9839004C840B /* cocos2d_libs.xcodeproj */;
			proxyType = 1;
			remoteGlobalIDString = A07A4F3C1783876B0073F6A7;
			remoteInfo = "box2d iOS";
		};
		1AC6FB2C180E99E1004C840B /* PBXContainerItemProxy */ = {
			isa = PBXContainerItemProxy;
			containerPortal = 1AC6FAE5180E9839004C840B /* cocos2d_libs.xcodeproj */;
			proxyType = 1;
			remoteGlobalIDString = A07A4F9F178387730073F6A7;
			remoteInfo = "CocosDenshion iOS";
		};
/* End PBXContainerItemProxy section */

/* Begin PBXFileReference section */
		1AC6FAE5180E9839004C840B /* cocos2d_libs.xcodeproj */ = {isa = PBXFileReference; lastKnownFileType = "wrapper.pb-project"; name = cocos2d_libs.xcodeproj; path = ../cocos2d/build/cocos2d_libs.xcodeproj; sourceTree = "<group>"; };
		1ACB3243164770DE00914215 /* libcurl.a */ = {isa = PBXFileReference; lastKnownFileType = archive.ar; name = libcurl.a; path = ../../cocos2dx/platform/third_party/ios/libraries/libcurl.a; sourceTree = "<group>"; };
		1AFAF8B316D35DE700DB1158 /* AppDelegate.cpp */ = {isa = PBXFileReference; fileEncoding = 4; lastKnownFileType = sourcecode.cpp.cpp; name = AppDelegate.cpp; path = ../Classes/AppDelegate.cpp; sourceTree = "<group>"; };
		1AFAF8B416D35DE700DB1158 /* AppDelegate.h */ = {isa = PBXFileReference; fileEncoding = 4; lastKnownFileType = sourcecode.c.h; name = AppDelegate.h; path = ../Classes/AppDelegate.h; sourceTree = "<group>"; };
		1AFAF8B516D35DE700DB1158 /* HelloWorldScene.cpp */ = {isa = PBXFileReference; fileEncoding = 4; lastKnownFileType = sourcecode.cpp.cpp; name = HelloWorldScene.cpp; path = ../Classes/HelloWorldScene.cpp; sourceTree = "<group>"; };
		1AFAF8B616D35DE700DB1158 /* HelloWorldScene.h */ = {isa = PBXFileReference; fileEncoding = 4; lastKnownFileType = sourcecode.c.h; name = HelloWorldScene.h; path = ../Classes/HelloWorldScene.h; sourceTree = "<group>"; };
		1D30AB110D05D00D00671497 /* Foundation.framework */ = {isa = PBXFileReference; lastKnownFileType = wrapper.framework; name = Foundation.framework; path = System/Library/Frameworks/Foundation.framework; sourceTree = SDKROOT; };
		1D6058910D05DD3D006BFB54 /* stbProject iOS.app */ = {isa = PBXFileReference; explicitFileType = wrapper.application; includeInIndex = 0; path = "stbProject iOS.app"; sourceTree = BUILT_PRODUCTS_DIR; };
		1DF5F4DF0D08C38300B7A737 /* UIKit.framework */ = {isa = PBXFileReference; lastKnownFileType = wrapper.framework; name = UIKit.framework; path = System/Library/Frameworks/UIKit.framework; sourceTree = SDKROOT; };
		2606FA88195023B700FF577D /* PlayVideoLayer.cpp */ = {isa = PBXFileReference; fileEncoding = 4; lastKnownFileType = sourcecode.cpp.cpp; path = PlayVideoLayer.cpp; sourceTree = "<group>"; };
		2606FA89195023B700FF577D /* PlayVideoLayer.h */ = {isa = PBXFileReference; fileEncoding = 4; lastKnownFileType = sourcecode.c.h; path = PlayVideoLayer.h; sourceTree = "<group>"; };
		2606FA8E195023C200FF577D /* cocosvideo.mp4 */ = {isa = PBXFileReference; lastKnownFileType = file; path = cocosvideo.mp4; sourceTree = "<group>"; };
		2606FA91195023E900FF577D /* MediaPlayer.framework */ = {isa = PBXFileReference; lastKnownFileType = wrapper.framework; name = MediaPlayer.framework; path = Platforms/iPhoneOS.platform/Developer/SDKs/iPhoneOS7.0.sdk/System/Library/Frameworks/MediaPlayer.framework; sourceTree = DEVELOPER_DIR; };
		265BB9A419484CEE00D9A051 /* SetTopBoxMainScene.cpp */ = {isa = PBXFileReference; fileEncoding = 4; lastKnownFileType = sourcecode.cpp.cpp; name = SetTopBoxMainScene.cpp; path = ../Classes/SetTopBoxMainScene.cpp; sourceTree = "<group>"; };
		265BB9A519484CEE00D9A051 /* SetTopBoxMainScene.h */ = {isa = PBXFileReference; fileEncoding = 4; lastKnownFileType = sourcecode.c.h; name = SetTopBoxMainScene.h; path = ../Classes/SetTopBoxMainScene.h; sourceTree = "<group>"; };
		265BB9A919484FE200D9A051 /* OpeningAnimation.cpp */ = {isa = PBXFileReference; fileEncoding = 4; lastKnownFileType = sourcecode.cpp.cpp; name = OpeningAnimation.cpp; path = ../Classes/OpeningAnimation.cpp; sourceTree = "<group>"; };
		265BB9AA19484FE200D9A051 /* OpeningAnimation.h */ = {isa = PBXFileReference; fileEncoding = 4; lastKnownFileType = sourcecode.c.h; name = OpeningAnimation.h; path = ../Classes/OpeningAnimation.h; sourceTree = "<group>"; };
		265BB9AF1948546C00D9A051 /* TextEffector.cpp */ = {isa = PBXFileReference; fileEncoding = 4; lastKnownFileType = sourcecode.cpp.cpp; name = TextEffector.cpp; path = ../Classes/TextEffector.cpp; sourceTree = "<group>"; };
		265BB9B01948546C00D9A051 /* TextEffector.h */ = {isa = PBXFileReference; fileEncoding = 4; lastKnownFileType = sourcecode.c.h; name = TextEffector.h; path = ../Classes/TextEffector.h; sourceTree = "<group>"; };
		26B7AF9E1946AF67009893DA /* RotateLayer.cpp */ = {isa = PBXFileReference; fileEncoding = 4; lastKnownFileType = sourcecode.cpp.cpp; name = RotateLayer.cpp; path = ../Classes/RotateLayer.cpp; sourceTree = "<group>"; };
		26B7AF9F1946AF67009893DA /* RotateLayer.h */ = {isa = PBXFileReference; fileEncoding = 4; lastKnownFileType = sourcecode.c.h; name = RotateLayer.h; path = ../Classes/RotateLayer.h; sourceTree = "<group>"; };
		26C1457F19540F1000EB091C /* selectedBlock.png */ = {isa = PBXFileReference; lastKnownFileType = image.png; path = selectedBlock.png; sourceTree = "<group>"; };
		26C145971954429E00EB091C /* ExplosionEffect.cpp */ = {isa = PBXFileReference; fileEncoding = 4; lastKnownFileType = sourcecode.cpp.cpp; name = ExplosionEffect.cpp; path = ../Classes/ExplosionEffect.cpp; sourceTree = "<group>"; };
		26C145981954429E00EB091C /* ExplosionEffect.h */ = {isa = PBXFileReference; fileEncoding = 4; lastKnownFileType = sourcecode.c.h; name = ExplosionEffect.h; path = ../Classes/ExplosionEffect.h; sourceTree = "<group>"; };
		26C145A3195442BC00EB091C /* ExplodingRing.plist */ = {isa = PBXFileReference; fileEncoding = 4; lastKnownFileType = text.plist.xml; path = ExplodingRing.plist; sourceTree = "<group>"; };
		26C145A4195442BC00EB091C /* Phoenix.plist */ = {isa = PBXFileReference; fileEncoding = 4; lastKnownFileType = text.plist.xml; path = Phoenix.plist; sourceTree = "<group>"; };
		26C145A5195442BC00EB091C /* rotate_light.png */ = {isa = PBXFileReference; lastKnownFileType = image.png; path = rotate_light.png; sourceTree = "<group>"; };
		26C6D8941958515C00A65546 /* encaltest.png */ = {isa = PBXFileReference; lastKnownFileType = image.png; path = encaltest.png; sourceTree = "<group>"; };
		26C6D8981958789100A65546 /* DotGuy.cpp */ = {isa = PBXFileReference; fileEncoding = 4; lastKnownFileType = sourcecode.cpp.cpp; path = DotGuy.cpp; sourceTree = "<group>"; };
		26C6D8991958789100A65546 /* DotGuy.h */ = {isa = PBXFileReference; fileEncoding = 4; lastKnownFileType = sourcecode.c.h; path = DotGuy.h; sourceTree = "<group>"; };
		26C6D89C19587A7300A65546 /* body.png */ = {isa = PBXFileReference; lastKnownFileType = image.png; path = body.png; sourceTree = "<group>"; };
		26DB59A0195913EE0076646C /* cellframe.png */ = {isa = PBXFileReference; lastKnownFileType = image.png; path = cellframe.png; sourceTree = "<group>"; };
		26DB59A2195913EE0076646C /* Shaders */ = {isa = PBXFileReference; lastKnownFileType = folder; path = Shaders; sourceTree = "<group>"; };
		26DB59A3195913EE0076646C /* tvChannel.plist */ = {isa = PBXFileReference; fileEncoding = 4; lastKnownFileType = text.plist.xml; path = tvChannel.plist; sourceTree = "<group>"; };
		26DB59A4195913EE0076646C /* tvChannel.png */ = {isa = PBXFileReference; lastKnownFileType = image.png; path = tvChannel.png; sourceTree = "<group>"; };
		26F769731945530E00723075 /* MaskLayer.cpp */ = {isa = PBXFileReference; fileEncoding = 4; lastKnownFileType = sourcecode.cpp.cpp; path = MaskLayer.cpp; sourceTree = "<group>"; };
		26F769741945530E00723075 /* MaskLayer.h */ = {isa = PBXFileReference; fileEncoding = 4; lastKnownFileType = sourcecode.c.h; path = MaskLayer.h; sourceTree = "<group>"; };
		26F769751945530E00723075 /* MoreDetailLayer.cpp */ = {isa = PBXFileReference; fileEncoding = 4; lastKnownFileType = sourcecode.cpp.cpp; path = MoreDetailLayer.cpp; sourceTree = "<group>"; };
		26F769761945530E00723075 /* MoreDetailLayer.h */ = {isa = PBXFileReference; fileEncoding = 4; lastKnownFileType = sourcecode.c.h; path = MoreDetailLayer.h; sourceTree = "<group>"; };
		288765A40DF7441C002DB57D /* CoreGraphics.framework */ = {isa = PBXFileReference; lastKnownFileType = wrapper.framework; name = CoreGraphics.framework; path = System/Library/Frameworks/CoreGraphics.framework; sourceTree = SDKROOT; };
		503AE0F617EB97AB00D1A890 /* Icon.icns */ = {isa = PBXFileReference; lastKnownFileType = image.icns; path = Icon.icns; sourceTree = "<group>"; };
		503AE0F717EB97AB00D1A890 /* Info.plist */ = {isa = PBXFileReference; fileEncoding = 4; lastKnownFileType = text.plist.xml; path = Info.plist; sourceTree = "<group>"; };
		503AE0FA17EB989F00D1A890 /* AppController.h */ = {isa = PBXFileReference; fileEncoding = 4; lastKnownFileType = sourcecode.c.h; name = AppController.h; path = ios/AppController.h; sourceTree = SOURCE_ROOT; };
		503AE0FB17EB989F00D1A890 /* AppController.mm */ = {isa = PBXFileReference; fileEncoding = 4; lastKnownFileType = sourcecode.cpp.objcpp; name = AppController.mm; path = ios/AppController.mm; sourceTree = SOURCE_ROOT; };
		503AE0FC17EB989F00D1A890 /* main.m */ = {isa = PBXFileReference; fileEncoding = 4; lastKnownFileType = sourcecode.c.objc; name = main.m; path = ios/main.m; sourceTree = SOURCE_ROOT; };
		503AE0FD17EB989F00D1A890 /* Prefix.pch */ = {isa = PBXFileReference; fileEncoding = 4; lastKnownFileType = sourcecode.c.h; name = Prefix.pch; path = ios/Prefix.pch; sourceTree = SOURCE_ROOT; };
		503AE0FE17EB989F00D1A890 /* RootViewController.h */ = {isa = PBXFileReference; fileEncoding = 4; lastKnownFileType = sourcecode.c.h; name = RootViewController.h; path = ios/RootViewController.h; sourceTree = SOURCE_ROOT; };
		503AE0FF17EB989F00D1A890 /* RootViewController.mm */ = {isa = PBXFileReference; fileEncoding = 4; lastKnownFileType = sourcecode.cpp.objcpp; name = RootViewController.mm; path = ios/RootViewController.mm; sourceTree = SOURCE_ROOT; };
		503AE10317EB98FF00D1A890 /* main.cpp */ = {isa = PBXFileReference; fileEncoding = 4; lastKnownFileType = sourcecode.cpp.cpp; name = main.cpp; path = mac/main.cpp; sourceTree = "<group>"; };
		503AE10417EB98FF00D1A890 /* Prefix.pch */ = {isa = PBXFileReference; fileEncoding = 4; lastKnownFileType = sourcecode.c.h; name = Prefix.pch; path = mac/Prefix.pch; sourceTree = "<group>"; };
		503AE11117EB99EE00D1A890 /* libcurl.dylib */ = {isa = PBXFileReference; lastKnownFileType = "compiled.mach-o.dylib"; name = libcurl.dylib; path = usr/lib/libcurl.dylib; sourceTree = SDKROOT; };
		503AE11A17EB9C5A00D1A890 /* IOKit.framework */ = {isa = PBXFileReference; lastKnownFileType = wrapper.framework; name = IOKit.framework; path = System/Library/Frameworks/IOKit.framework; sourceTree = SDKROOT; };
		5087E76F17EB910900C73F5D /* stbProject Mac.app */ = {isa = PBXFileReference; explicitFileType = wrapper.application; includeInIndex = 0; path = "stbProject Mac.app"; sourceTree = BUILT_PRODUCTS_DIR; };
		5087E77217EB970100C73F5D /* Default-568h@2x.png */ = {isa = PBXFileReference; lastKnownFileType = image.png; path = "Default-568h@2x.png"; sourceTree = "<group>"; };
		5087E77317EB970100C73F5D /* Default.png */ = {isa = PBXFileReference; lastKnownFileType = image.png; path = Default.png; sourceTree = "<group>"; };
		5087E77417EB970100C73F5D /* Default@2x.png */ = {isa = PBXFileReference; lastKnownFileType = image.png; path = "Default@2x.png"; sourceTree = "<group>"; };
		5087E77517EB970100C73F5D /* Icon-114.png */ = {isa = PBXFileReference; lastKnownFileType = image.png; path = "Icon-114.png"; sourceTree = "<group>"; };
		5087E77617EB970100C73F5D /* Icon-120.png */ = {isa = PBXFileReference; lastKnownFileType = image.png; path = "Icon-120.png"; sourceTree = "<group>"; };
		5087E77717EB970100C73F5D /* Icon-144.png */ = {isa = PBXFileReference; lastKnownFileType = image.png; path = "Icon-144.png"; sourceTree = "<group>"; };
		5087E77817EB970100C73F5D /* Icon-152.png */ = {isa = PBXFileReference; lastKnownFileType = image.png; path = "Icon-152.png"; sourceTree = "<group>"; };
		5087E77917EB970100C73F5D /* Icon-57.png */ = {isa = PBXFileReference; lastKnownFileType = image.png; path = "Icon-57.png"; sourceTree = "<group>"; };
		5087E77A17EB970100C73F5D /* Icon-72.png */ = {isa = PBXFileReference; lastKnownFileType = image.png; path = "Icon-72.png"; sourceTree = "<group>"; };
		5087E77B17EB970100C73F5D /* Icon-76.png */ = {isa = PBXFileReference; lastKnownFileType = image.png; path = "Icon-76.png"; sourceTree = "<group>"; };
		5087E77C17EB970100C73F5D /* Info.plist */ = {isa = PBXFileReference; fileEncoding = 4; lastKnownFileType = text.plist.xml; path = Info.plist; sourceTree = "<group>"; };
		5087E78817EB974C00C73F5D /* AppKit.framework */ = {isa = PBXFileReference; lastKnownFileType = wrapper.framework; name = AppKit.framework; path = System/Library/Frameworks/AppKit.framework; sourceTree = SDKROOT; };
		5087E78A17EB975400C73F5D /* OpenGL.framework */ = {isa = PBXFileReference; lastKnownFileType = wrapper.framework; name = OpenGL.framework; path = System/Library/Frameworks/OpenGL.framework; sourceTree = SDKROOT; };
		50EF629217ECD46A001EB2F8 /* Icon-40.png */ = {isa = PBXFileReference; lastKnownFileType = image.png; path = "Icon-40.png"; sourceTree = "<group>"; };
		50EF629317ECD46A001EB2F8 /* Icon-58.png */ = {isa = PBXFileReference; lastKnownFileType = image.png; path = "Icon-58.png"; sourceTree = "<group>"; };
		50EF629417ECD46A001EB2F8 /* Icon-80.png */ = {isa = PBXFileReference; lastKnownFileType = image.png; path = "Icon-80.png"; sourceTree = "<group>"; };
		50EF629517ECD46A001EB2F8 /* Icon-100.png */ = {isa = PBXFileReference; lastKnownFileType = image.png; path = "Icon-100.png"; sourceTree = "<group>"; };
		50EF62A017ECD613001EB2F8 /* Icon-29.png */ = {isa = PBXFileReference; lastKnownFileType = image.png; path = "Icon-29.png"; sourceTree = "<group>"; };
		50EF62A117ECD613001EB2F8 /* Icon-50.png */ = {isa = PBXFileReference; lastKnownFileType = image.png; path = "Icon-50.png"; sourceTree = "<group>"; };
		661F912E19592F6B0075C81A /* MainMenu */ = {isa = PBXFileReference; lastKnownFileType = folder; path = MainMenu; sourceTree = "<group>"; };
		6622566319501F8A00EBC69D /* background.png */ = {isa = PBXFileReference; lastKnownFileType = image.png; path = background.png; sourceTree = "<group>"; };
		6622566819501F8A00EBC69D /* board.png */ = {isa = PBXFileReference; lastKnownFileType = image.png; path = board.png; sourceTree = "<group>"; };
		6622566919501F8A00EBC69D /* britanic bold.ttf */ = {isa = PBXFileReference; lastKnownFileType = file; path = "britanic bold.ttf"; sourceTree = "<group>"; };
		6622566A19501F8A00EBC69D /* CloseNormal.png */ = {isa = PBXFileReference; lastKnownFileType = image.png; path = CloseNormal.png; sourceTree = "<group>"; };
		6622566B19501F8A00EBC69D /* CloseSelected.png */ = {isa = PBXFileReference; lastKnownFileType = image.png; path = CloseSelected.png; sourceTree = "<group>"; };
		6622566C19501F8A00EBC69D /* Comet.png */ = {isa = PBXFileReference; lastKnownFileType = image.png; path = Comet.png; sourceTree = "<group>"; };
		6622566D19501F8A00EBC69D /* countdown_11.png */ = {isa = PBXFileReference; lastKnownFileType = image.png; path = countdown_11.png; sourceTree = "<group>"; };
		6622566E19501F8A00EBC69D /* countdown_12.png */ = {isa = PBXFileReference; lastKnownFileType = image.png; path = countdown_12.png; sourceTree = "<group>"; };
		6622566F19501F8A00EBC69D /* fonts */ = {isa = PBXFileReference; lastKnownFileType = folder; path = fonts; sourceTree = "<group>"; };
		6622567019501F8A00EBC69D /* HelloWorld.png */ = {isa = PBXFileReference; lastKnownFileType = image.png; path = HelloWorld.png; sourceTree = "<group>"; };
		6622567119501F8A00EBC69D /* icon0.png */ = {isa = PBXFileReference; lastKnownFileType = image.png; path = icon0.png; sourceTree = "<group>"; };
		6622567319501F8A00EBC69D /* icon2.png */ = {isa = PBXFileReference; lastKnownFileType = image.png; path = icon2.png; sourceTree = "<group>"; };
		6622567419501F8A00EBC69D /* icon3.png */ = {isa = PBXFileReference; lastKnownFileType = image.png; path = icon3.png; sourceTree = "<group>"; };
		6622567519501F8A00EBC69D /* light.png */ = {isa = PBXFileReference; lastKnownFileType = image.png; path = light.png; sourceTree = "<group>"; };
		6622567619501F8A00EBC69D /* mystic.plist */ = {isa = PBXFileReference; fileEncoding = 4; lastKnownFileType = text.plist.xml; path = mystic.plist; sourceTree = "<group>"; };
		6622567719501F8A00EBC69D /* picture01.jpg */ = {isa = PBXFileReference; lastKnownFileType = image.jpeg; path = picture01.jpg; sourceTree = "<group>"; };
		6622567819501F8A00EBC69D /* radioNormal.png */ = {isa = PBXFileReference; lastKnownFileType = image.png; path = radioNormal.png; sourceTree = "<group>"; };
		6622567919501F8A00EBC69D /* radioSelected.png */ = {isa = PBXFileReference; lastKnownFileType = image.png; path = radioSelected.png; sourceTree = "<group>"; };
		6622567A19501F8A00EBC69D /* star_up.plist */ = {isa = PBXFileReference; fileEncoding = 4; lastKnownFileType = text.plist.xml; path = star_up.plist; sourceTree = "<group>"; };
		6622567B19501F8A00EBC69D /* text_effect.plist */ = {isa = PBXFileReference; fileEncoding = 4; lastKnownFileType = text.plist.xml; path = text_effect.plist; sourceTree = "<group>"; };
		6622567C19501F8A00EBC69D /* text_light_bottom.png */ = {isa = PBXFileReference; lastKnownFileType = image.png; path = text_light_bottom.png; sourceTree = "<group>"; };
		6622567D19501F8A00EBC69D /* text_light_top.png */ = {isa = PBXFileReference; lastKnownFileType = image.png; path = text_light_top.png; sourceTree = "<group>"; };
		6622567E19501F8A00EBC69D /* text_light.png */ = {isa = PBXFileReference; lastKnownFileType = image.png; path = text_light.png; sourceTree = "<group>"; };
		AC6CCEC6195A742700907ECF /* MainMenu */ = {isa = PBXFileReference; lastKnownFileType = folder; path = MainMenu; sourceTree = "<group>"; };
		ACBB798D195A6C2100A284C3 /* moreDetail */ = {isa = PBXFileReference; lastKnownFileType = folder; path = moreDetail; sourceTree = "<group>"; };
		ACDDE6201952ED86003C7847 /* cellTv.cpp */ = {isa = PBXFileReference; fileEncoding = 4; lastKnownFileType = sourcecode.cpp.cpp; name = cellTv.cpp; path = ../Classes/cellTv.cpp; sourceTree = "<group>"; };
		ACDDE6211952ED86003C7847 /* cellTv.h */ = {isa = PBXFileReference; fileEncoding = 4; lastKnownFileType = sourcecode.c.h; name = cellTv.h; path = ../Classes/cellTv.h; sourceTree = "<group>"; };
		ACDDE6221952ED86003C7847 /* RectangleInterface.cpp */ = {isa = PBXFileReference; fileEncoding = 4; lastKnownFileType = sourcecode.cpp.cpp; name = RectangleInterface.cpp; path = ../Classes/RectangleInterface.cpp; sourceTree = "<group>"; };
		ACDDE6231952ED86003C7847 /* RectangleInterface.h */ = {isa = PBXFileReference; fileEncoding = 4; lastKnownFileType = sourcecode.c.h; name = RectangleInterface.h; path = ../Classes/RectangleInterface.h; sourceTree = "<group>"; };
		ACDDE62A1952EDBA003C7847 /* tvMap.plist */ = {isa = PBXFileReference; fileEncoding = 4; lastKnownFileType = text.plist.xml; path = tvMap.plist; sourceTree = "<group>"; };
		ACDDE62B1952EDBA003C7847 /* tvMap.png */ = {isa = PBXFileReference; lastKnownFileType = image.png; path = tvMap.png; sourceTree = "<group>"; };
		BB2E8ECC19584C4500BF1402 /* SelectedEffect.cpp */ = {isa = PBXFileReference; fileEncoding = 4; lastKnownFileType = sourcecode.cpp.cpp; path = SelectedEffect.cpp; sourceTree = "<group>"; };
		BB2E8ECD19584C4500BF1402 /* SelectedEffect.h */ = {isa = PBXFileReference; fileEncoding = 4; lastKnownFileType = sourcecode.c.h; path = SelectedEffect.h; sourceTree = "<group>"; };
		BB2E8ED019585F4200BF1402 /* ring.png */ = {isa = PBXFileReference; lastKnownFileType = image.png; path = ring.png; sourceTree = "<group>"; };
		BB2E8EDC1959135B00BF1402 /* SpriteBlur.cpp */ = {isa = PBXFileReference; fileEncoding = 4; lastKnownFileType = sourcecode.cpp.cpp; name = SpriteBlur.cpp; path = ../Classes/SpriteBlur.cpp; sourceTree = "<group>"; };
		BB2E8EDD1959135B00BF1402 /* SpriteBlur.h */ = {isa = PBXFileReference; fileEncoding = 4; lastKnownFileType = sourcecode.c.h; name = SpriteBlur.h; path = ../Classes/SpriteBlur.h; sourceTree = "<group>"; };
		BB2E8EE01959138800BF1402 /* cellframe.png */ = {isa = PBXFileReference; lastKnownFileType = image.png; path = cellframe.png; sourceTree = "<group>"; };
		BB2E8EE11959138800BF1402 /* tvChannel.plist */ = {isa = PBXFileReference; fileEncoding = 4; lastKnownFileType = text.plist.xml; path = tvChannel.plist; sourceTree = "<group>"; };
		BB2E8EE21959138800BF1402 /* tvChannel.png */ = {isa = PBXFileReference; lastKnownFileType = image.png; path = tvChannel.png; sourceTree = "<group>"; };
		BB2E8EF31959604100BF1402 /* flash.png */ = {isa = PBXFileReference; lastKnownFileType = image.png; path = flash.png; sourceTree = "<group>"; };
		BB2E8F0E195980AB00BF1402 /* explosion.wav */ = {isa = PBXFileReference; lastKnownFileType = audio.wav; path = explosion.wav; sourceTree = "<group>"; };
		BB2E8F111959853C00BF1402 /* channel_switch1.wav */ = {isa = PBXFileReference; lastKnownFileType = audio.wav; path = channel_switch1.wav; sourceTree = "<group>"; };
		BB2E8F131959853C00BF1402 /* cell_switch1.wav */ = {isa = PBXFileReference; lastKnownFileType = audio.wav; path = cell_switch1.wav; sourceTree = "<group>"; };
		BB2E8F1D1959898F00BF1402 /* boot.wav */ = {isa = PBXFileReference; lastKnownFileType = audio.wav; path = boot.wav; sourceTree = "<group>"; };
		BB2E8F201959C89900BF1402 /* introduce_cocos.png */ = {isa = PBXFileReference; lastKnownFileType = image.png; path = introduce_cocos.png; sourceTree = "<group>"; };
		BB2E8F291959E41000BF1402 /* shadow.plist */ = {isa = PBXFileReference; fileEncoding = 4; lastKnownFileType = text.plist.xml; path = shadow.plist; sourceTree = "<group>"; };
		BB2E8F2C195A675200BF1402 /* introduce_graphic.png */ = {isa = PBXFileReference; lastKnownFileType = image.png; path = introduce_graphic.png; sourceTree = "<group>"; };
		BB2E8F2F195A67A500BF1402 /* introduce_cocostudio.png */ = {isa = PBXFileReference; lastKnownFileType = image.png; path = introduce_cocostudio.png; sourceTree = "<group>"; };
		BB2E8F33195A6A3300BF1402 /* icon1.png */ = {isa = PBXFileReference; lastKnownFileType = image.png; path = icon1.png; sourceTree = "<group>"; };
		BF170DB012928DE900B8313A /* OpenGLES.framework */ = {isa = PBXFileReference; lastKnownFileType = wrapper.framework; name = OpenGLES.framework; path = System/Library/Frameworks/OpenGLES.framework; sourceTree = SDKROOT; };
		BF170DB412928DE900B8313A /* libz.dylib */ = {isa = PBXFileReference; lastKnownFileType = "compiled.mach-o.dylib"; name = libz.dylib; path = usr/lib/libz.dylib; sourceTree = SDKROOT; };
		BF1C47EA1293683800B63C5D /* QuartzCore.framework */ = {isa = PBXFileReference; lastKnownFileType = wrapper.framework; name = QuartzCore.framework; path = System/Library/Frameworks/QuartzCore.framework; sourceTree = SDKROOT; };
		D44C620B132DFF330009C878 /* OpenAL.framework */ = {isa = PBXFileReference; lastKnownFileType = wrapper.framework; name = OpenAL.framework; path = System/Library/Frameworks/OpenAL.framework; sourceTree = SDKROOT; };
		D44C620D132DFF430009C878 /* AVFoundation.framework */ = {isa = PBXFileReference; lastKnownFileType = wrapper.framework; name = AVFoundation.framework; path = System/Library/Frameworks/AVFoundation.framework; sourceTree = SDKROOT; };
		D44C620F132DFF4E0009C878 /* AudioToolbox.framework */ = {isa = PBXFileReference; lastKnownFileType = wrapper.framework; name = AudioToolbox.framework; path = System/Library/Frameworks/AudioToolbox.framework; sourceTree = SDKROOT; };
		D6B0611A1803AB670077942B /* CoreMotion.framework */ = {isa = PBXFileReference; lastKnownFileType = wrapper.framework; name = CoreMotion.framework; path = Platforms/iPhoneOS.platform/Developer/SDKs/iPhoneOS7.0.sdk/System/Library/Frameworks/CoreMotion.framework; sourceTree = DEVELOPER_DIR; };
/* End PBXFileReference section */

/* Begin PBXFrameworksBuildPhase section */
		1D60588F0D05DD3D006BFB54 /* Frameworks */ = {
			isa = PBXFrameworksBuildPhase;
			buildActionMask = 2147483647;
			files = (
				2606FA92195023E900FF577D /* MediaPlayer.framework in Frameworks */,
				1AC6FB2E180E99EB004C840B /* libbox2d iOS.a in Frameworks */,
				1AC6FB2F180E99EB004C840B /* libchipmunk iOS.a in Frameworks */,
				1AC6FB30180E99EB004C840B /* libcocos2dx iOS.a in Frameworks */,
				1AC6FB31180E99EB004C840B /* libcocos2dx-extensions iOS.a in Frameworks */,
				1AC6FB32180E99EB004C840B /* libCocosDenshion iOS.a in Frameworks */,
				D6B0611B1803AB670077942B /* CoreMotion.framework in Frameworks */,
				1D60589F0D05DD5A006BFB54 /* Foundation.framework in Frameworks */,
				1DF5F4E00D08C38300B7A737 /* UIKit.framework in Frameworks */,
				288765A50DF7441C002DB57D /* CoreGraphics.framework in Frameworks */,
				BF171245129291EC00B8313A /* OpenGLES.framework in Frameworks */,
				BF1712471292920000B8313A /* libz.dylib in Frameworks */,
				BF1C47F01293687400B63C5D /* QuartzCore.framework in Frameworks */,
				D44C620C132DFF330009C878 /* OpenAL.framework in Frameworks */,
				D44C620E132DFF430009C878 /* AVFoundation.framework in Frameworks */,
				D44C6210132DFF4E0009C878 /* AudioToolbox.framework in Frameworks */,
			);
			runOnlyForDeploymentPostprocessing = 0;
		};
		5087E75C17EB910900C73F5D /* Frameworks */ = {
			isa = PBXFrameworksBuildPhase;
			buildActionMask = 2147483647;
			files = (
				1AC6FB1F180E996B004C840B /* libbox2d Mac.a in Frameworks */,
				1AC6FB20180E996B004C840B /* libchipmunk Mac.a in Frameworks */,
				1AC6FB21180E996B004C840B /* libcocos2dx Mac.a in Frameworks */,
				1AC6FB22180E996B004C840B /* libcocos2dx-extensions Mac.a in Frameworks */,
				1AC6FB23180E996B004C840B /* libCocosDenshion Mac.a in Frameworks */,
				503AE11217EB99EE00D1A890 /* libcurl.dylib in Frameworks */,
				5087E76717EB910900C73F5D /* libz.dylib in Frameworks */,
				503AE11B17EB9C5A00D1A890 /* IOKit.framework in Frameworks */,
				5087E78B17EB975400C73F5D /* OpenGL.framework in Frameworks */,
				5087E78917EB974C00C73F5D /* AppKit.framework in Frameworks */,
				5087E76317EB910900C73F5D /* Foundation.framework in Frameworks */,
				5087E76517EB910900C73F5D /* CoreGraphics.framework in Frameworks */,
				5087E76817EB910900C73F5D /* QuartzCore.framework in Frameworks */,
				5087E76917EB910900C73F5D /* OpenAL.framework in Frameworks */,
				5087E76A17EB910900C73F5D /* AVFoundation.framework in Frameworks */,
				5087E76B17EB910900C73F5D /* AudioToolbox.framework in Frameworks */,
			);
			runOnlyForDeploymentPostprocessing = 0;
		};
/* End PBXFrameworksBuildPhase section */

/* Begin PBXGroup section */
		080E96DDFE201D6D7F000001 /* ios */ = {
			isa = PBXGroup;
			children = (
				5087E77117EB970100C73F5D /* Icons */,
				503AE0FA17EB989F00D1A890 /* AppController.h */,
				503AE0FB17EB989F00D1A890 /* AppController.mm */,
				503AE0FC17EB989F00D1A890 /* main.m */,
				503AE0FD17EB989F00D1A890 /* Prefix.pch */,
				503AE0FE17EB989F00D1A890 /* RootViewController.h */,
				503AE0FF17EB989F00D1A890 /* RootViewController.mm */,
			);
			name = ios;
			path = Classes;
			sourceTree = "<group>";
		};
		15AA9C4015B7EC450033D6C2 /* Classes */ = {
			isa = PBXGroup;
			children = (
				BB2E8EDC1959135B00BF1402 /* SpriteBlur.cpp */,
				BB2E8EDD1959135B00BF1402 /* SpriteBlur.h */,
				ACDDE6201952ED86003C7847 /* cellTv.cpp */,
				ACDDE6211952ED86003C7847 /* cellTv.h */,
				ACDDE6221952ED86003C7847 /* RectangleInterface.cpp */,
				ACDDE6231952ED86003C7847 /* RectangleInterface.h */,
				2606FA88195023B700FF577D /* PlayVideoLayer.cpp */,
				2606FA89195023B700FF577D /* PlayVideoLayer.h */,
				1AFAF8B316D35DE700DB1158 /* AppDelegate.cpp */,
				1AFAF8B416D35DE700DB1158 /* AppDelegate.h */,
				1AFAF8B516D35DE700DB1158 /* HelloWorldScene.cpp */,
				1AFAF8B616D35DE700DB1158 /* HelloWorldScene.h */,
				26C6D8981958789100A65546 /* DotGuy.cpp */,
				26C6D8991958789100A65546 /* DotGuy.h */,
				26F769731945530E00723075 /* MaskLayer.cpp */,
				26F769741945530E00723075 /* MaskLayer.h */,
				26C145971954429E00EB091C /* ExplosionEffect.cpp */,
				26C145981954429E00EB091C /* ExplosionEffect.h */,
				26F769751945530E00723075 /* MoreDetailLayer.cpp */,
				26F769761945530E00723075 /* MoreDetailLayer.h */,
				26B7AF9E1946AF67009893DA /* RotateLayer.cpp */,
				26B7AF9F1946AF67009893DA /* RotateLayer.h */,
				265BB9A419484CEE00D9A051 /* SetTopBoxMainScene.cpp */,
				265BB9A519484CEE00D9A051 /* SetTopBoxMainScene.h */,
				265BB9A919484FE200D9A051 /* OpeningAnimation.cpp */,
				265BB9AA19484FE200D9A051 /* OpeningAnimation.h */,
				265BB9AF1948546C00D9A051 /* TextEffector.cpp */,
				265BB9B01948546C00D9A051 /* TextEffector.h */,
				BB2E8ECC19584C4500BF1402 /* SelectedEffect.cpp */,
				BB2E8ECD19584C4500BF1402 /* SelectedEffect.h */,
			);
			name = Classes;
			path = ../classes;
			sourceTree = "<group>";
		};
		19C28FACFE9D520D11CA2CBB /* Products */ = {
			isa = PBXGroup;
			children = (
				1D6058910D05DD3D006BFB54 /* stbProject iOS.app */,
				5087E76F17EB910900C73F5D /* stbProject Mac.app */,
			);
			name = Products;
			sourceTree = "<group>";
		};
		1AC6FAE6180E9839004C840B /* Products */ = {
			isa = PBXGroup;
			children = (
				1AC6FAF9180E9839004C840B /* libcocos2dx Mac.a */,
				1AC6FAFB180E9839004C840B /* libcocos2dx-extensions Mac.a */,
				1AC6FAFD180E9839004C840B /* libchipmunk Mac.a */,
				1AC6FAFF180E9839004C840B /* libbox2d Mac.a */,
				1AC6FB01180E9839004C840B /* libCocosDenshion Mac.a */,
				1AC6FB07180E9839004C840B /* libcocos2dx iOS.a */,
				1AC6FB09180E9839004C840B /* libcocos2dx-extensions iOS.a */,
				1AC6FB0B180E9839004C840B /* libchipmunk iOS.a */,
				1AC6FB0D180E9839004C840B /* libbox2d iOS.a */,
				1AC6FB0F180E9839004C840B /* libCocosDenshion iOS.a */,
			);
			name = Products;
			sourceTree = "<group>";
		};
		29B97314FDCFA39411CA2CEA /* CustomTemplate */ = {
			isa = PBXGroup;
			children = (
				1AC6FAE5180E9839004C840B /* cocos2d_libs.xcodeproj */,
				15AA9C4015B7EC450033D6C2 /* Classes */,
				29B97323FDCFA39411CA2CEA /* Frameworks */,
				080E96DDFE201D6D7F000001 /* ios */,
				503AE10617EB990700D1A890 /* mac */,
				19C28FACFE9D520D11CA2CBB /* Products */,
				78C7DDAA14EBA5050085D0C2 /* Resources */,
			);
			name = CustomTemplate;
			sourceTree = "<group>";
		};
		29B97323FDCFA39411CA2CEA /* Frameworks */ = {
			isa = PBXGroup;
			children = (
				2606FA91195023E900FF577D /* MediaPlayer.framework */,
				D6B0611A1803AB670077942B /* CoreMotion.framework */,
				503AE11A17EB9C5A00D1A890 /* IOKit.framework */,
				503AE11117EB99EE00D1A890 /* libcurl.dylib */,
				5087E78A17EB975400C73F5D /* OpenGL.framework */,
				5087E78817EB974C00C73F5D /* AppKit.framework */,
				1ACB3243164770DE00914215 /* libcurl.a */,
				BF170DB412928DE900B8313A /* libz.dylib */,
				D44C620F132DFF4E0009C878 /* AudioToolbox.framework */,
				D44C620D132DFF430009C878 /* AVFoundation.framework */,
				288765A40DF7441C002DB57D /* CoreGraphics.framework */,
				1D30AB110D05D00D00671497 /* Foundation.framework */,
				D44C620B132DFF330009C878 /* OpenAL.framework */,
				BF170DB012928DE900B8313A /* OpenGLES.framework */,
				BF1C47EA1293683800B63C5D /* QuartzCore.framework */,
				1DF5F4DF0D08C38300B7A737 /* UIKit.framework */,
			);
			name = Frameworks;
			sourceTree = "<group>";
		};
		503AE0F517EB97AB00D1A890 /* Icons */ = {
			isa = PBXGroup;
			children = (
				503AE0F617EB97AB00D1A890 /* Icon.icns */,
				503AE0F717EB97AB00D1A890 /* Info.plist */,
			);
			name = Icons;
			path = mac;
			sourceTree = SOURCE_ROOT;
		};
		503AE10617EB990700D1A890 /* mac */ = {
			isa = PBXGroup;
			children = (
				503AE0F517EB97AB00D1A890 /* Icons */,
				503AE10317EB98FF00D1A890 /* main.cpp */,
				503AE10417EB98FF00D1A890 /* Prefix.pch */,
			);
			name = mac;
			sourceTree = "<group>";
		};
		5087E77117EB970100C73F5D /* Icons */ = {
			isa = PBXGroup;
			children = (
				5087E77217EB970100C73F5D /* Default-568h@2x.png */,
				5087E77317EB970100C73F5D /* Default.png */,
				5087E77417EB970100C73F5D /* Default@2x.png */,
				50EF62A017ECD613001EB2F8 /* Icon-29.png */,
				50EF62A117ECD613001EB2F8 /* Icon-50.png */,
				50EF629217ECD46A001EB2F8 /* Icon-40.png */,
				50EF629317ECD46A001EB2F8 /* Icon-58.png */,
				50EF629417ECD46A001EB2F8 /* Icon-80.png */,
				50EF629517ECD46A001EB2F8 /* Icon-100.png */,
				5087E77517EB970100C73F5D /* Icon-114.png */,
				5087E77617EB970100C73F5D /* Icon-120.png */,
				5087E77717EB970100C73F5D /* Icon-144.png */,
				5087E77817EB970100C73F5D /* Icon-152.png */,
				5087E77917EB970100C73F5D /* Icon-57.png */,
				5087E77A17EB970100C73F5D /* Icon-72.png */,
				5087E77B17EB970100C73F5D /* Icon-76.png */,
				5087E77C17EB970100C73F5D /* Info.plist */,
			);
			name = Icons;
			path = ios;
			sourceTree = SOURCE_ROOT;
		};
		78C7DDAA14EBA5050085D0C2 /* Resources */ = {
			isa = PBXGroup;
			children = (
				AC6CCEC6195A742700907ECF /* MainMenu */,
				ACBB798D195A6C2100A284C3 /* moreDetail */,
				BB2E8F33195A6A3300BF1402 /* icon1.png */,
				BB2E8F2F195A67A500BF1402 /* introduce_cocostudio.png */,
				BB2E8F2C195A675200BF1402 /* introduce_graphic.png */,
				BB2E8F291959E41000BF1402 /* shadow.plist */,
				BB2E8F201959C89900BF1402 /* introduce_cocos.png */,
				BB2E8F1D1959898F00BF1402 /* boot.wav */,
				BB2E8F111959853C00BF1402 /* channel_switch1.wav */,
				BB2E8F131959853C00BF1402 /* cell_switch1.wav */,
				BB2E8F0E195980AB00BF1402 /* explosion.wav */,
				BB2E8EF31959604100BF1402 /* flash.png */,
				26C6D8941958515C00A65546 /* encaltest.png */,
				26C6D89C19587A7300A65546 /* body.png */,
				BB2E8EE01959138800BF1402 /* cellframe.png */,
				BB2E8EE11959138800BF1402 /* tvChannel.plist */,
				BB2E8EE21959138800BF1402 /* tvChannel.png */,
				BB2E8ED019585F4200BF1402 /* ring.png */,
				26C145A3195442BC00EB091C /* ExplodingRing.plist */,
				26DB59A0195913EE0076646C /* cellframe.png */,
				26DB59A2195913EE0076646C /* Shaders */,
				26DB59A3195913EE0076646C /* tvChannel.plist */,
				26DB59A4195913EE0076646C /* tvChannel.png */,
				26C145A4195442BC00EB091C /* Phoenix.plist */,
				26C145A5195442BC00EB091C /* rotate_light.png */,
				26C1457F19540F1000EB091C /* selectedBlock.png */,
				ACDDE62A1952EDBA003C7847 /* tvMap.plist */,
				ACDDE62B1952EDBA003C7847 /* tvMap.png */,
				2606FA8E195023C200FF577D /* cocosvideo.mp4 */,
				6622566319501F8A00EBC69D /* background.png */,
				6622566819501F8A00EBC69D /* board.png */,
				6622566919501F8A00EBC69D /* britanic bold.ttf */,
				6622566A19501F8A00EBC69D /* CloseNormal.png */,
				6622566B19501F8A00EBC69D /* CloseSelected.png */,
				6622566C19501F8A00EBC69D /* Comet.png */,
				6622566D19501F8A00EBC69D /* countdown_11.png */,
				6622566E19501F8A00EBC69D /* countdown_12.png */,
				6622566F19501F8A00EBC69D /* fonts */,
				6622567019501F8A00EBC69D /* HelloWorld.png */,
				6622567119501F8A00EBC69D /* icon0.png */,
				6622567319501F8A00EBC69D /* icon2.png */,
				6622567419501F8A00EBC69D /* icon3.png */,
				6622567519501F8A00EBC69D /* light.png */,
				6622567619501F8A00EBC69D /* mystic.plist */,
				6622567719501F8A00EBC69D /* picture01.jpg */,
				6622567819501F8A00EBC69D /* radioNormal.png */,
				6622567919501F8A00EBC69D /* radioSelected.png */,
				6622567A19501F8A00EBC69D /* star_up.plist */,
				6622567B19501F8A00EBC69D /* text_effect.plist */,
				6622567C19501F8A00EBC69D /* text_light_bottom.png */,
				6622567D19501F8A00EBC69D /* text_light_top.png */,
				6622567E19501F8A00EBC69D /* text_light.png */,
			);
			name = Resources;
			path = ../Resources;
			sourceTree = "<group>";
		};
/* End PBXGroup section */

/* Begin PBXNativeTarget section */
		1D6058900D05DD3D006BFB54 /* stbProject iOS */ = {
			isa = PBXNativeTarget;
			buildConfigurationList = 1D6058960D05DD3E006BFB54 /* Build configuration list for PBXNativeTarget "stbProject iOS" */;
			buildPhases = (
				1D60588D0D05DD3D006BFB54 /* Resources */,
				1D60588E0D05DD3D006BFB54 /* Sources */,
				1D60588F0D05DD3D006BFB54 /* Frameworks */,
			);
			buildRules = (
			);
			dependencies = (
				1AC6FB25180E99E1004C840B /* PBXTargetDependency */,
				1AC6FB27180E99E1004C840B /* PBXTargetDependency */,
				1AC6FB29180E99E1004C840B /* PBXTargetDependency */,
				1AC6FB2B180E99E1004C840B /* PBXTargetDependency */,
				1AC6FB2D180E99E1004C840B /* PBXTargetDependency */,
			);
			name = "stbProject iOS";
			productName = iphone;
			productReference = 1D6058910D05DD3D006BFB54 /* stbProject iOS.app */;
			productType = "com.apple.product-type.application";
		};
		5087E73D17EB910900C73F5D /* stbProject Mac */ = {
			isa = PBXNativeTarget;
			buildConfigurationList = 5087E76C17EB910900C73F5D /* Build configuration list for PBXNativeTarget "stbProject Mac" */;
			buildPhases = (
				5087E74817EB910900C73F5D /* Resources */,
				5087E75617EB910900C73F5D /* Sources */,
				5087E75C17EB910900C73F5D /* Frameworks */,
			);
			buildRules = (
			);
			dependencies = (
				1AC6FB1E180E9963004C840B /* PBXTargetDependency */,
				1AC6FB16180E9959004C840B /* PBXTargetDependency */,
				1AC6FB18180E9959004C840B /* PBXTargetDependency */,
				1AC6FB1A180E9959004C840B /* PBXTargetDependency */,
				1AC6FB1C180E9959004C840B /* PBXTargetDependency */,
			);
			name = "stbProject Mac";
			productName = iphone;
			productReference = 5087E76F17EB910900C73F5D /* stbProject Mac.app */;
			productType = "com.apple.product-type.application";
		};
/* End PBXNativeTarget section */

/* Begin PBXProject section */
		29B97313FDCFA39411CA2CEA /* Project object */ = {
			isa = PBXProject;
			attributes = {
				LastUpgradeCheck = 0500;
				TargetAttributes = {
					1D6058900D05DD3D006BFB54 = {
						DevelopmentTeam = MDDB52YB8L;
					};
				};
			};
			buildConfigurationList = C01FCF4E08A954540054247B /* Build configuration list for PBXProject "stbProject" */;
			compatibilityVersion = "Xcode 3.2";
			developmentRegion = English;
			hasScannedForEncodings = 1;
			knownRegions = (
				English,
				Japanese,
				French,
				German,
			);
			mainGroup = 29B97314FDCFA39411CA2CEA /* CustomTemplate */;
			projectDirPath = "";
			projectReferences = (
				{
					ProductGroup = 1AC6FAE6180E9839004C840B /* Products */;
					ProjectRef = 1AC6FAE5180E9839004C840B /* cocos2d_libs.xcodeproj */;
				},
			);
			projectRoot = "";
			targets = (
				1D6058900D05DD3D006BFB54 /* stbProject iOS */,
				5087E73D17EB910900C73F5D /* stbProject Mac */,
			);
		};
/* End PBXProject section */

/* Begin PBXReferenceProxy section */
		1AC6FAF9180E9839004C840B /* libcocos2dx Mac.a */ = {
			isa = PBXReferenceProxy;
			fileType = archive.ar;
			path = "libcocos2dx Mac.a";
			remoteRef = 1AC6FAF8180E9839004C840B /* PBXContainerItemProxy */;
			sourceTree = BUILT_PRODUCTS_DIR;
		};
		1AC6FAFB180E9839004C840B /* libcocos2dx-extensions Mac.a */ = {
			isa = PBXReferenceProxy;
			fileType = archive.ar;
			path = "libcocos2dx-extensions Mac.a";
			remoteRef = 1AC6FAFA180E9839004C840B /* PBXContainerItemProxy */;
			sourceTree = BUILT_PRODUCTS_DIR;
		};
		1AC6FAFD180E9839004C840B /* libchipmunk Mac.a */ = {
			isa = PBXReferenceProxy;
			fileType = archive.ar;
			path = "libchipmunk Mac.a";
			remoteRef = 1AC6FAFC180E9839004C840B /* PBXContainerItemProxy */;
			sourceTree = BUILT_PRODUCTS_DIR;
		};
		1AC6FAFF180E9839004C840B /* libbox2d Mac.a */ = {
			isa = PBXReferenceProxy;
			fileType = archive.ar;
			path = "libbox2d Mac.a";
			remoteRef = 1AC6FAFE180E9839004C840B /* PBXContainerItemProxy */;
			sourceTree = BUILT_PRODUCTS_DIR;
		};
		1AC6FB01180E9839004C840B /* libCocosDenshion Mac.a */ = {
			isa = PBXReferenceProxy;
			fileType = archive.ar;
			path = "libCocosDenshion Mac.a";
			remoteRef = 1AC6FB00180E9839004C840B /* PBXContainerItemProxy */;
			sourceTree = BUILT_PRODUCTS_DIR;
		};
		1AC6FB07180E9839004C840B /* libcocos2dx iOS.a */ = {
			isa = PBXReferenceProxy;
			fileType = archive.ar;
			path = "libcocos2dx iOS.a";
			remoteRef = 1AC6FB06180E9839004C840B /* PBXContainerItemProxy */;
			sourceTree = BUILT_PRODUCTS_DIR;
		};
		1AC6FB09180E9839004C840B /* libcocos2dx-extensions iOS.a */ = {
			isa = PBXReferenceProxy;
			fileType = archive.ar;
			path = "libcocos2dx-extensions iOS.a";
			remoteRef = 1AC6FB08180E9839004C840B /* PBXContainerItemProxy */;
			sourceTree = BUILT_PRODUCTS_DIR;
		};
		1AC6FB0B180E9839004C840B /* libchipmunk iOS.a */ = {
			isa = PBXReferenceProxy;
			fileType = archive.ar;
			path = "libchipmunk iOS.a";
			remoteRef = 1AC6FB0A180E9839004C840B /* PBXContainerItemProxy */;
			sourceTree = BUILT_PRODUCTS_DIR;
		};
		1AC6FB0D180E9839004C840B /* libbox2d iOS.a */ = {
			isa = PBXReferenceProxy;
			fileType = archive.ar;
			path = "libbox2d iOS.a";
			remoteRef = 1AC6FB0C180E9839004C840B /* PBXContainerItemProxy */;
			sourceTree = BUILT_PRODUCTS_DIR;
		};
		1AC6FB0F180E9839004C840B /* libCocosDenshion iOS.a */ = {
			isa = PBXReferenceProxy;
			fileType = archive.ar;
			path = "libCocosDenshion iOS.a";
			remoteRef = 1AC6FB0E180E9839004C840B /* PBXContainerItemProxy */;
			sourceTree = BUILT_PRODUCTS_DIR;
		};
/* End PBXReferenceProxy section */

/* Begin PBXResourcesBuildPhase section */
		1D60588D0D05DD3D006BFB54 /* Resources */ = {
			isa = PBXResourcesBuildPhase;
			buildActionMask = 2147483647;
			files = (
				662256A319501F8A00EBC69D /* light.png in Resources */,
				6622568919501F8A00EBC69D /* board.png in Resources */,
				6622568D19501F8A00EBC69D /* CloseNormal.png in Resources */,
				5087E78117EB970100C73F5D /* Icon-120.png in Resources */,
				ACDDE62E1952EDBA003C7847 /* tvMap.png in Resources */,
				5087E78617EB970100C73F5D /* Icon-76.png in Resources */,
				6622567F19501F8A00EBC69D /* background.png in Resources */,
				5087E77F17EB970100C73F5D /* Default@2x.png in Resources */,
				BB2E8ED119585F4200BF1402 /* ring.png in Resources */,
				6622569119501F8A00EBC69D /* Comet.png in Resources */,
				26DB59A9195913EE0076646C /* Shaders in Resources */,
				BB2E8F151959853C00BF1402 /* channel_switch1.wav in Resources */,
				50EF629917ECD46A001EB2F8 /* Icon-100.png in Resources */,
				26DB59AB195913EE0076646C /* tvChannel.plist in Resources */,
				26C145B0195442BC00EB091C /* Phoenix.plist in Resources */,
				5087E78317EB970100C73F5D /* Icon-152.png in Resources */,
				BB2E8F1E1959898F00BF1402 /* boot.wav in Resources */,
				26C145B2195442BC00EB091C /* rotate_light.png in Resources */,
				662256AF19501F8A00EBC69D /* text_effect.plist in Resources */,
				BB2E8F34195A6A3300BF1402 /* icon1.png in Resources */,
				6622569719501F8A00EBC69D /* fonts in Resources */,
				ACDDE62C1952EDBA003C7847 /* tvMap.plist in Resources */,
				26C145AE195442BC00EB091C /* ExplodingRing.plist in Resources */,
				AC6CCEC7195A742700907ECF /* MainMenu in Resources */,
				662256AB19501F8A00EBC69D /* radioSelected.png in Resources */,
				5087E77D17EB970100C73F5D /* Default-568h@2x.png in Resources */,
				5087E78517EB970100C73F5D /* Icon-72.png in Resources */,
				BB2E8F2A1959E41000BF1402 /* shadow.plist in Resources */,
				6622569319501F8A00EBC69D /* countdown_11.png in Resources */,
				6622569B19501F8A00EBC69D /* icon0.png in Resources */,
				6622569919501F8A00EBC69D /* HelloWorld.png in Resources */,
				BB2E8F2D195A675200BF1402 /* introduce_graphic.png in Resources */,
				6622568F19501F8A00EBC69D /* CloseSelected.png in Resources */,
				50EF62A317ECD613001EB2F8 /* Icon-50.png in Resources */,
				BB2E8F211959C89900BF1402 /* introduce_cocos.png in Resources */,
				5087E78017EB970100C73F5D /* Icon-114.png in Resources */,
				50EF62A217ECD613001EB2F8 /* Icon-29.png in Resources */,
				6622568B19501F8A00EBC69D /* britanic bold.ttf in Resources */,
				BB2E8F30195A67A500BF1402 /* introduce_cocostudio.png in Resources */,
				2606FA8F195023C200FF577D /* cocosvideo.mp4 in Resources */,
				662256A719501F8A00EBC69D /* picture01.jpg in Resources */,
				662256A519501F8A00EBC69D /* mystic.plist in Resources */,
				BB2E8EE51959138800BF1402 /* tvChannel.plist in Resources */,
				BB2E8F0F195980AB00BF1402 /* explosion.wav in Resources */,
				BB2E8EE71959138800BF1402 /* tvChannel.png in Resources */,
				50EF629617ECD46A001EB2F8 /* Icon-40.png in Resources */,
				BB2E8EE31959138800BF1402 /* cellframe.png in Resources */,
				26C1458019540F1000EB091C /* selectedBlock.png in Resources */,
				5087E78217EB970100C73F5D /* Icon-144.png in Resources */,
				BB2E8EF41959604100BF1402 /* flash.png in Resources */,
				50EF629817ECD46A001EB2F8 /* Icon-80.png in Resources */,
				26C6D89D19587A7300A65546 /* body.png in Resources */,
				5087E78417EB970100C73F5D /* Icon-57.png in Resources */,
				BB2E8F191959853C00BF1402 /* cell_switch1.wav in Resources */,
				662256B319501F8A00EBC69D /* text_light_top.png in Resources */,
				662256B119501F8A00EBC69D /* text_light_bottom.png in Resources */,
				ACBB798E195A6C2100A284C3 /* moreDetail in Resources */,
				662256A919501F8A00EBC69D /* radioNormal.png in Resources */,
				662256B519501F8A00EBC69D /* text_light.png in Resources */,
				6622569F19501F8A00EBC69D /* icon2.png in Resources */,
				5087E77E17EB970100C73F5D /* Default.png in Resources */,
				6622569519501F8A00EBC69D /* countdown_12.png in Resources */,
				662256AD19501F8A00EBC69D /* star_up.plist in Resources */,
				662256A119501F8A00EBC69D /* icon3.png in Resources */,
				50EF629717ECD46A001EB2F8 /* Icon-58.png in Resources */,
			);
			runOnlyForDeploymentPostprocessing = 0;
		};
		5087E74817EB910900C73F5D /* Resources */ = {
			isa = PBXResourcesBuildPhase;
			buildActionMask = 2147483647;
			files = (
				662256AA19501F8A00EBC69D /* radioNormal.png in Resources */,
				26C145B1195442BC00EB091C /* Phoenix.plist in Resources */,
				662256A419501F8A00EBC69D /* light.png in Resources */,
				662256A819501F8A00EBC69D /* picture01.jpg in Resources */,
				26C1458119540F1000EB091C /* selectedBlock.png in Resources */,
				BB2E8ED219585F4200BF1402 /* ring.png in Resources */,
				ACDDE62F1952EDBA003C7847 /* tvMap.png in Resources */,
				26C6D89E19587A7300A65546 /* body.png in Resources */,
				26C6D8961958515C00A65546 /* encaltest.png in Resources */,
				6622569A19501F8A00EBC69D /* HelloWorld.png in Resources */,
				BB2E8EE61959138800BF1402 /* tvChannel.plist in Resources */,
				BB2E8F31195A67A500BF1402 /* introduce_cocostudio.png in Resources */,
				661F913019592F6B0075C81A /* MainMenu in Resources */,
				662256A619501F8A00EBC69D /* mystic.plist in Resources */,
				6622568A19501F8A00EBC69D /* board.png in Resources */,
				ACDDE62D1952EDBA003C7847 /* tvMap.plist in Resources */,
				BB2E8F10195980AB00BF1402 /* explosion.wav in Resources */,
				6622569419501F8A00EBC69D /* countdown_11.png in Resources */,
				26C145B3195442BC00EB091C /* rotate_light.png in Resources */,
				6622569619501F8A00EBC69D /* countdown_12.png in Resources */,
				26C145AF195442BC00EB091C /* ExplodingRing.plist in Resources */,
				6622569819501F8A00EBC69D /* fonts in Resources */,
				6622569C19501F8A00EBC69D /* icon0.png in Resources */,
				6622569219501F8A00EBC69D /* Comet.png in Resources */,
				662256B019501F8A00EBC69D /* text_effect.plist in Resources */,
				662256AE19501F8A00EBC69D /* star_up.plist in Resources */,
				662256AC19501F8A00EBC69D /* radioSelected.png in Resources */,
				BB2E8F1F1959898F00BF1402 /* boot.wav in Resources */,
				662256B419501F8A00EBC69D /* text_light_top.png in Resources */,
				BB2E8F161959853C00BF1402 /* channel_switch1.wav in Resources */,
				503AE0F817EB97AB00D1A890 /* Icon.icns in Resources */,
				AC6CCEC8195A742700907ECF /* MainMenu in Resources */,
				662256B219501F8A00EBC69D /* text_light_bottom.png in Resources */,
				6622568C19501F8A00EBC69D /* britanic bold.ttf in Resources */,
				BB2E8F35195A6A3300BF1402 /* icon1.png in Resources */,
				6622568019501F8A00EBC69D /* background.png in Resources */,
				BB2E8F1A1959853C00BF1402 /* cell_switch1.wav in Resources */,
				662256A219501F8A00EBC69D /* icon3.png in Resources */,
				BB2E8EE81959138800BF1402 /* tvChannel.png in Resources */,
				BB2E8F2B1959E41000BF1402 /* shadow.plist in Resources */,
				662256B619501F8A00EBC69D /* text_light.png in Resources */,
				BB2E8EE41959138800BF1402 /* cellframe.png in Resources */,
				ACBB798F195A6C2100A284C3 /* moreDetail in Resources */,
				2606FA90195023C200FF577D /* cocosvideo.mp4 in Resources */,
				26DB59AC195913EE0076646C /* tvChannel.plist in Resources */,
				BB2E8F2E195A675200BF1402 /* introduce_graphic.png in Resources */,
				BB2E8EF51959604100BF1402 /* flash.png in Resources */,
				6622569019501F8A00EBC69D /* CloseSelected.png in Resources */,
				6622568E19501F8A00EBC69D /* CloseNormal.png in Resources */,
				662256A019501F8A00EBC69D /* icon2.png in Resources */,
				BB2E8F221959C89900BF1402 /* introduce_cocos.png in Resources */,
			);
			runOnlyForDeploymentPostprocessing = 0;
		};
/* End PBXResourcesBuildPhase section */

/* Begin PBXSourcesBuildPhase section */
		1D60588E0D05DD3D006BFB54 /* Sources */ = {
			isa = PBXSourcesBuildPhase;
			buildActionMask = 2147483647;
			files = (
				265BB9B11948546C00D9A051 /* TextEffector.cpp in Sources */,
				503AE10017EB989F00D1A890 /* AppController.mm in Sources */,
				503AE10217EB989F00D1A890 /* RootViewController.mm in Sources */,
				ACDDE6261952ED86003C7847 /* RectangleInterface.cpp in Sources */,
				2606FA8A195023B700FF577D /* PlayVideoLayer.cpp in Sources */,
				1AFAF8B716D35DE700DB1158 /* AppDelegate.cpp in Sources */,
				503AE10117EB989F00D1A890 /* main.m in Sources */,
				1AFAF8B816D35DE700DB1158 /* HelloWorldScene.cpp in Sources */,
				26B7AFA01946AF67009893DA /* RotateLayer.cpp in Sources */,
				26F769771945530E00723075 /* MaskLayer.cpp in Sources */,
				BB2E8EDE1959135B00BF1402 /* SpriteBlur.cpp in Sources */,
				26C1459B1954429E00EB091C /* ExplosionEffect.cpp in Sources */,
				265BB9A619484CEE00D9A051 /* SetTopBoxMainScene.cpp in Sources */,
				265BB9AB19484FE200D9A051 /* OpeningAnimation.cpp in Sources */,
				26C6D89A1958789100A65546 /* DotGuy.cpp in Sources */,
				BB2E8ECE19584C4500BF1402 /* SelectedEffect.cpp in Sources */,
				26F769791945530E00723075 /* MoreDetailLayer.cpp in Sources */,
				ACDDE6241952ED86003C7847 /* cellTv.cpp in Sources */,
			);
			runOnlyForDeploymentPostprocessing = 0;
		};
		5087E75617EB910900C73F5D /* Sources */ = {
			isa = PBXSourcesBuildPhase;
			buildActionMask = 2147483647;
			files = (
				265BB9B21948546C00D9A051 /* TextEffector.cpp in Sources */,
				ACDDE6251952ED86003C7847 /* cellTv.cpp in Sources */,
				ACDDE6271952ED86003C7847 /* RectangleInterface.cpp in Sources */,
				26F7697A1945530E00723075 /* MoreDetailLayer.cpp in Sources */,
				BB2E8EDF1959135B00BF1402 /* SpriteBlur.cpp in Sources */,
				5087E75717EB910900C73F5D /* AppDelegate.cpp in Sources */,
				265BB9A719484CEE00D9A051 /* SetTopBoxMainScene.cpp in Sources */,
				26C6D89B1958789100A65546 /* DotGuy.cpp in Sources */,
				26B7AFA11946AF67009893DA /* RotateLayer.cpp in Sources */,
				BB2E8ECF19584C4500BF1402 /* SelectedEffect.cpp in Sources */,
				26C1459C1954429E00EB091C /* ExplosionEffect.cpp in Sources */,
				265BB9AC19484FE200D9A051 /* OpeningAnimation.cpp in Sources */,
				2606FA8B195023B700FF577D /* PlayVideoLayer.cpp in Sources */,
				5087E75817EB910900C73F5D /* HelloWorldScene.cpp in Sources */,
				503AE10517EB98FF00D1A890 /* main.cpp in Sources */,
				26F769781945530E00723075 /* MaskLayer.cpp in Sources */,
			);
			runOnlyForDeploymentPostprocessing = 0;
		};
/* End PBXSourcesBuildPhase section */

/* Begin PBXTargetDependency section */
		1AC6FB16180E9959004C840B /* PBXTargetDependency */ = {
			isa = PBXTargetDependency;
			name = "cocos2dx Mac";
			targetProxy = 1AC6FB15180E9959004C840B /* PBXContainerItemProxy */;
		};
		1AC6FB18180E9959004C840B /* PBXTargetDependency */ = {
			isa = PBXTargetDependency;
			name = "cocos2dx-extensions Mac";
			targetProxy = 1AC6FB17180E9959004C840B /* PBXContainerItemProxy */;
		};
		1AC6FB1A180E9959004C840B /* PBXTargetDependency */ = {
			isa = PBXTargetDependency;
			name = "chipmunk Mac";
			targetProxy = 1AC6FB19180E9959004C840B /* PBXContainerItemProxy */;
		};
		1AC6FB1C180E9959004C840B /* PBXTargetDependency */ = {
			isa = PBXTargetDependency;
			name = "CocosDenshion Mac";
			targetProxy = 1AC6FB1B180E9959004C840B /* PBXContainerItemProxy */;
		};
		1AC6FB1E180E9963004C840B /* PBXTargetDependency */ = {
			isa = PBXTargetDependency;
			name = "box2d Mac";
			targetProxy = 1AC6FB1D180E9963004C840B /* PBXContainerItemProxy */;
		};
		1AC6FB25180E99E1004C840B /* PBXTargetDependency */ = {
			isa = PBXTargetDependency;
			name = "cocos2dx iOS";
			targetProxy = 1AC6FB24180E99E1004C840B /* PBXContainerItemProxy */;
		};
		1AC6FB27180E99E1004C840B /* PBXTargetDependency */ = {
			isa = PBXTargetDependency;
			name = "cocos2dx-extensions iOS";
			targetProxy = 1AC6FB26180E99E1004C840B /* PBXContainerItemProxy */;
		};
		1AC6FB29180E99E1004C840B /* PBXTargetDependency */ = {
			isa = PBXTargetDependency;
			name = "chipmunk iOS";
			targetProxy = 1AC6FB28180E99E1004C840B /* PBXContainerItemProxy */;
		};
		1AC6FB2B180E99E1004C840B /* PBXTargetDependency */ = {
			isa = PBXTargetDependency;
			name = "box2d iOS";
			targetProxy = 1AC6FB2A180E99E1004C840B /* PBXContainerItemProxy */;
		};
		1AC6FB2D180E99E1004C840B /* PBXTargetDependency */ = {
			isa = PBXTargetDependency;
			name = "CocosDenshion iOS";
			targetProxy = 1AC6FB2C180E99E1004C840B /* PBXContainerItemProxy */;
		};
/* End PBXTargetDependency section */

/* Begin XCBuildConfiguration section */
		1D6058940D05DD3E006BFB54 /* Debug */ = {
			isa = XCBuildConfiguration;
			buildSettings = {
				ALWAYS_SEARCH_USER_PATHS = YES;
				CODE_SIGN_IDENTITY = "iPhone Developer";
				COMPRESS_PNG_FILES = NO;
				GCC_DYNAMIC_NO_PIC = NO;
				GCC_INLINES_ARE_PRIVATE_EXTERN = NO;
				GCC_PRECOMPILE_PREFIX_HEADER = YES;
				GCC_PREFIX_HEADER = ios/Prefix.pch;
				GCC_PREPROCESSOR_DEFINITIONS = (
					USE_FILE32API,
					CC_TARGET_OS_IPHONE,
					"COCOS2D_DEBUG=1",
					"CC_ENABLE_CHIPMUNK_INTEGRATION=1",
				);
				GCC_SYMBOLS_PRIVATE_EXTERN = NO;
				HEADER_SEARCH_PATHS = (
					"$(inherited)",
					"$(SRCROOT)/../cocos2d/cocos/platform/ios",
					"$(SRCROOT)/../cocos2d/cocos/platform/ios/Simulation",
				);
				INFOPLIST_FILE = ios/Info.plist;
				IPHONEOS_DEPLOYMENT_TARGET = 5.0;
				LIBRARY_SEARCH_PATHS = "";
				SDKROOT = iphoneos;
				TARGETED_DEVICE_FAMILY = "1,2";
				USER_HEADER_SEARCH_PATHS = "";
			};
			name = Debug;
		};
		1D6058950D05DD3E006BFB54 /* Release */ = {
			isa = XCBuildConfiguration;
			buildSettings = {
				ALWAYS_SEARCH_USER_PATHS = YES;
				CODE_SIGN_IDENTITY = "iPhone Developer";
				COMPRESS_PNG_FILES = NO;
				GCC_INLINES_ARE_PRIVATE_EXTERN = NO;
				GCC_PRECOMPILE_PREFIX_HEADER = YES;
				GCC_PREFIX_HEADER = ios/Prefix.pch;
				GCC_PREPROCESSOR_DEFINITIONS = (
					USE_FILE32API,
					CC_TARGET_OS_IPHONE,
					"CC_ENABLE_CHIPMUNK_INTEGRATION=1",
				);
				GCC_SYMBOLS_PRIVATE_EXTERN = NO;
				HEADER_SEARCH_PATHS = (
					"$(inherited)",
					"$(SRCROOT)/../cocos2d/cocos/platform/ios",
					"$(SRCROOT)/../cocos2d/cocos/platform/ios/Simulation",
				);
				INFOPLIST_FILE = ios/Info.plist;
				IPHONEOS_DEPLOYMENT_TARGET = 5.0;
				LIBRARY_SEARCH_PATHS = "";
				SDKROOT = iphoneos;
				TARGETED_DEVICE_FAMILY = "1,2";
				USER_HEADER_SEARCH_PATHS = "";
			};
			name = Release;
		};
		5087E76D17EB910900C73F5D /* Debug */ = {
			isa = XCBuildConfiguration;
			buildSettings = {
				ALWAYS_SEARCH_USER_PATHS = YES;
				ARCHS = "$(ARCHS_STANDARD_64_BIT)";
				CLANG_CXX_LANGUAGE_STANDARD = "c++0x";
				CLANG_CXX_LIBRARY = "libc++";
				GCC_DYNAMIC_NO_PIC = NO;
				GCC_INLINES_ARE_PRIVATE_EXTERN = NO;
				GCC_PRECOMPILE_PREFIX_HEADER = YES;
				GCC_PREFIX_HEADER = mac/Prefix.pch;
				GCC_PREPROCESSOR_DEFINITIONS = (
					USE_FILE32API,
					CC_TARGET_OS_MAC,
					"COCOS2D_DEBUG=1",
					"CC_ENABLE_CHIPMUNK_INTEGRATION=1",
				);
				GCC_SYMBOLS_PRIVATE_EXTERN = NO;
				HEADER_SEARCH_PATHS = (
					"$(inherited)",
					"$(SRCROOT)/../cocos2d/cocos/platform/mac",
					"$(SRCROOT)/../cocos2d/external/glfw3/include/mac",
				);
				INFOPLIST_FILE = mac/Info.plist;
				LIBRARY_SEARCH_PATHS = "";
				USER_HEADER_SEARCH_PATHS = "";
			};
			name = Debug;
		};
		5087E76E17EB910900C73F5D /* Release */ = {
			isa = XCBuildConfiguration;
			buildSettings = {
				ALWAYS_SEARCH_USER_PATHS = YES;
				ARCHS = "$(ARCHS_STANDARD_64_BIT)";
				CLANG_CXX_LANGUAGE_STANDARD = "c++0x";
				CLANG_CXX_LIBRARY = "libc++";
				GCC_INLINES_ARE_PRIVATE_EXTERN = NO;
				GCC_PRECOMPILE_PREFIX_HEADER = YES;
				GCC_PREFIX_HEADER = mac/Prefix.pch;
				GCC_PREPROCESSOR_DEFINITIONS = (
					USE_FILE32API,
					CC_TARGET_OS_MAC,
					"CC_ENABLE_CHIPMUNK_INTEGRATION=1",
				);
				GCC_SYMBOLS_PRIVATE_EXTERN = NO;
				HEADER_SEARCH_PATHS = (
					"$(inherited)",
					"$(SRCROOT)/../cocos2d/cocos/platform/mac",
					"$(SRCROOT)/../cocos2d/external/glfw3/include/mac",
				);
				INFOPLIST_FILE = mac/Info.plist;
				LIBRARY_SEARCH_PATHS = "";
				USER_HEADER_SEARCH_PATHS = "";
			};
			name = Release;
		};
		C01FCF4F08A954540054247B /* Debug */ = {
			isa = XCBuildConfiguration;
			buildSettings = {
				CLANG_CXX_LANGUAGE_STANDARD = "c++0x";
				CLANG_CXX_LIBRARY = "libc++";
				COPY_PHASE_STRIP = NO;
				GCC_OPTIMIZATION_LEVEL = 0;
				GCC_WARN_ABOUT_RETURN_TYPE = YES;
				GCC_WARN_UNUSED_VARIABLE = YES;
				HEADER_SEARCH_PATHS = (
					"$(SRCROOT)/../cocos2d",
					"$(SRCROOT)/../cocos2d/cocos",
					"$(SRCROOT)/../cocos2d/cocos/base",
					"$(SRCROOT)/../cocos2d/cocos/physics",
					"$(SRCROOT)/../cocos2d/cocos/math",
					"$(SRCROOT)/../cocos2d/cocos/2d",
					"$(SRCROOT)/../cocos2d/cocos/ui",
					"$(SRCROOT)/../cocos2d/cocos/network",
					"$(SRCROOT)/../cocos2d/cocos/audio/include",
					"$(SRCROOT)/../cocos2d/cocos/editor-support",
					"$(SRCROOT)/../cocos2d/extensions",
					"$(SRCROOT)/../cocos2d/external",
					"$(SRCROOT)/../cocos2d/external/chipmunk/include/chipmunk",
				);
				ONLY_ACTIVE_ARCH = YES;
				PRODUCT_NAME = "$(TARGET_NAME)";
				SDKROOT = macosx;
			};
			name = Debug;
		};
		C01FCF5008A954540054247B /* Release */ = {
			isa = XCBuildConfiguration;
			buildSettings = {
				CLANG_CXX_LANGUAGE_STANDARD = "c++0x";
				CLANG_CXX_LIBRARY = "libc++";
				GCC_WARN_ABOUT_RETURN_TYPE = YES;
				GCC_WARN_UNUSED_VARIABLE = YES;
				HEADER_SEARCH_PATHS = (
					"$(SRCROOT)/../cocos2d",
					"$(SRCROOT)/../cocos2d/cocos",
					"$(SRCROOT)/../cocos2d/cocos/base",
					"$(SRCROOT)/../cocos2d/cocos/physics",
					"$(SRCROOT)/../cocos2d/cocos/math",
					"$(SRCROOT)/../cocos2d/cocos/2d",
					"$(SRCROOT)/../cocos2d/cocos/ui",
					"$(SRCROOT)/../cocos2d/cocos/network",
					"$(SRCROOT)/../cocos2d/cocos/audio/include",
					"$(SRCROOT)/../cocos2d/cocos/editor-support",
					"$(SRCROOT)/../cocos2d/extensions",
					"$(SRCROOT)/../cocos2d/external",
					"$(SRCROOT)/../cocos2d/external/chipmunk/include/chipmunk",
				);
				OTHER_CFLAGS = "-DNS_BLOCK_ASSERTIONS=1";
				PRODUCT_NAME = "$(TARGET_NAME)";
				SDKROOT = macosx;
				VALIDATE_PRODUCT = YES;
			};
			name = Release;
		};
/* End XCBuildConfiguration section */

/* Begin XCConfigurationList section */
		1D6058960D05DD3E006BFB54 /* Build configuration list for PBXNativeTarget "stbProject iOS" */ = {
			isa = XCConfigurationList;
			buildConfigurations = (
				1D6058940D05DD3E006BFB54 /* Debug */,
				1D6058950D05DD3E006BFB54 /* Release */,
			);
			defaultConfigurationIsVisible = 0;
			defaultConfigurationName = Debug;
		};
		5087E76C17EB910900C73F5D /* Build configuration list for PBXNativeTarget "stbProject Mac" */ = {
			isa = XCConfigurationList;
			buildConfigurations = (
				5087E76D17EB910900C73F5D /* Debug */,
				5087E76E17EB910900C73F5D /* Release */,
			);
			defaultConfigurationIsVisible = 0;
			defaultConfigurationName = Debug;
		};
		C01FCF4E08A954540054247B /* Build configuration list for PBXProject "stbProject" */ = {
			isa = XCConfigurationList;
			buildConfigurations = (
				C01FCF4F08A954540054247B /* Debug */,
				C01FCF5008A954540054247B /* Release */,
			);
			defaultConfigurationIsVisible = 0;
			defaultConfigurationName = Debug;
		};
/* End XCConfigurationList section */
	};
	rootObject = 29B97313FDCFA39411CA2CEA /* Project object */;
}
